PODS:
  - AFNetworking/NSURLSession (3.1.0):
    - AFNetworking/Reachability
    - AFNetworking/Security
    - AFNetworking/Serialization
  - AFNetworking/Reachability (3.1.0)
  - AFNetworking/Security (3.1.0)
  - AFNetworking/Serialization (3.1.0)
  - Mantle (2.0.7):
    - Mantle/extobjc (= 2.0.7)
  - Mantle/extobjc (2.0.7)
  - MTLManagedObjectAdapter (1.0.3):
    - Mantle (~> 2.0)
    - MTLManagedObjectAdapter/extobjc (= 1.0.3)
  - MTLManagedObjectAdapter/extobjc (1.0.3):
    - Mantle (~> 2.0)
  - OHHTTPStubs (5.2.1):
    - OHHTTPStubs/Default (= 5.2.1)
  - OHHTTPStubs/Core (5.2.1)
  - OHHTTPStubs/Default (5.2.1):
    - OHHTTPStubs/Core
    - OHHTTPStubs/JSON
    - OHHTTPStubs/NSURLSession
    - OHHTTPStubs/OHPathHelpers
  - OHHTTPStubs/JSON (5.2.1):
    - OHHTTPStubs/Core
  - OHHTTPStubs/NSURLSession (5.2.1):
    - OHHTTPStubs/Core
  - OHHTTPStubs/OHPathHelpers (5.2.1)
  - Overcoat (4.0.0-beta.2):
    - AFNetworking/NSURLSession (~> 3.0)
    - AFNetworking/Serialization (~> 3.0)
    - Mantle (~> 2.0)
  - Overcoat+CoreData (4.0.0-beta.2):
    - MTLManagedObjectAdapter (> 1.0)
    - Overcoat (~> 4.0.0-beta.2)
  - Overcoat+PromiseKit (4.0.0-beta.2):
    - Overcoat (~> 4.0.0-beta.2)
    - PromiseKit/CorePromise (~> 4.0)
  - Overcoat+ReactiveCocoa (4.0.0-beta.2):
    - Overcoat (~> 4.0.0-beta.2)
    - ReactiveCocoa (~> 2.4)
  - PromiseKit/CorePromise (4.0.1)
  - ReactiveCocoa (2.5):
    - ReactiveCocoa/UI (= 2.5)
  - ReactiveCocoa/Core (2.5):
    - ReactiveCocoa/no-arc
  - ReactiveCocoa/no-arc (2.5)
  - ReactiveCocoa/UI (2.5):
    - ReactiveCocoa/Core

DEPENDENCIES:
  - OHHTTPStubs
  - Overcoat (from `.`)
  - Overcoat+CoreData (from `.`)
  - Overcoat+PromiseKit (from `.`)
  - Overcoat+ReactiveCocoa (from `.`)

EXTERNAL SOURCES:
  Overcoat:
    :path: .
  Overcoat+CoreData:
    :path: .
  Overcoat+PromiseKit:
    :path: .
  Overcoat+ReactiveCocoa:
    :path: .

SPEC CHECKSUMS:
  AFNetworking: 5e0e199f73d8626b11e79750991f5d173d1f8b67
  Mantle: bc40bb061d8c2c6fb48d5083e04d928c3b7f73d9
  MTLManagedObjectAdapter: 631a53432675dcf03a9d90624afb3cececf54631
  OHHTTPStubs: 3a42f25c00563b71355ac73112ba2324e9e6cef4
  Overcoat: 034cfff81a23d07c8e71a0c91c91666a70740115
  Overcoat+CoreData: b1561512e9686f52692e86d4d3eeb97a1c1d6249
  Overcoat+PromiseKit: 31e6aaa78e16592acbe06444bf240655fe0e0aa2
  Overcoat+ReactiveCocoa: 5a24bcc11a99ec8251ab1132bd5ca0e112325c4c
  PromiseKit: ae9e7f97ee758e23f7b9c5e80380a2e78d6338c5
  ReactiveCocoa: e2db045570aa97c695e7aa97c2bcab222ae51f4a

PODFILE CHECKSUM: 7655d284c8e6cebe08c1cbfd0c95a6955588d9c2

COCOAPODS: 1.1.0.rc.2
