PODS:
  - AFNetworking (2.6.0):
    - AFNetworking/NSURLConnection (= 2.6.0)
    - AFNetworking/NSURLSession (= 2.6.0)
    - AFNetworking/Reachability (= 2.6.0)
    - AFNetworking/Security (= 2.6.0)
    - AFNetworking/Serialization (= 2.6.0)
    - AFNetworking/UIKit (= 2.6.0)
  - AFNetworking/NSURLConnection (2.6.0):
    - AFNetworking/Reachability
    - AFNetworking/Security
    - AFNetworking/Serialization
  - AFNetworking/NSURLSession (2.6.0):
    - AFNetworking/Reachability
    - AFNetworking/Security
    - AFNetworking/Serialization
  - AFNetworking/Reachability (2.6.0)
  - AFNetworking/Security (2.6.0)
  - AFNetworking/Serialization (2.6.0)
  - AFNetworking/UIKit (2.6.0):
    - AFNetworking/NSURLConnection
    - AFNetworking/NSURLSession
  - Mantle (2.0.4):
    - Mantle/extobjc (= 2.0.4)
  - Mantle/extobjc (2.0.4)
  - MTLManagedObjectAdapter (1.0.0.1):
    - Mantle (~> 2.0)
    - MTLManagedObjectAdapter/extobjc (= 1.0.0.1)
  - MTLManagedObjectAdapter/extobjc (1.0.0.1):
    - Mantle (~> 2.0)
  - OHHTTPStubs (4.2.0):
    - OHHTTPStubs/Default (= 4.2.0)
  - OHHTTPStubs/Core (4.2.0)
  - OHHTTPStubs/Default (4.2.0):
    - OHHTTPStubs/Core
    - OHHTTPStubs/JSON
    - OHHTTPStubs/NSURLSession
    - OHHTTPStubs/OHPathHelpers
  - OHHTTPStubs/JSON (4.2.0):
    - OHHTTPStubs/Core
  - OHHTTPStubs/NSURLSession (4.2.0):
    - OHHTTPStubs/Core
  - OHHTTPStubs/OHPathHelpers (4.2.0)
  - Overcoat/Core (3.1.0):
    - AFNetworking/Serialization (~> 2.5)
    - Mantle (<= 3.0)
    - Overcoat/Core/NSURLConnection (= 3.1.0)
    - Overcoat/Core/NSURLSession (= 3.1.0)
  - Overcoat/Core/NSURLConnection (3.1.0):
    - AFNetworking/NSURLConnection
    - AFNetworking/Serialization (~> 2.5)
    - Mantle (<= 3.0)
  - Overcoat/Core/NSURLSession (3.1.0):
    - AFNetworking/NSURLSession
    - AFNetworking/Serialization (~> 2.5)
    - Mantle (<= 3.0)
  - Overcoat/CoreData (3.1.0):
    - Overcoat/CoreData/Mantle2 (= 3.1.0)
  - Overcoat/CoreData/Mantle2 (3.1.0):
    - Mantle (~> 2)
    - MTLManagedObjectAdapter (> 1.0)
    - Overcoat/Core
    - Overcoat/CoreData/Mantle2/NSURLConnection (= 3.1.0)
    - Overcoat/CoreData/Mantle2/NSURLSession (= 3.1.0)
  - Overcoat/CoreData/Mantle2/NSURLSession (3.1.0):
    - Mantle (~> 2)
    - MTLManagedObjectAdapter (> 1.0)
    - Overcoat/Core
    - Overcoat/Core/NSURLSession
  - Overcoat/PromiseKit (3.1.0):
    - Overcoat/Core
    - Overcoat/PromiseKit/NSURLConnection (= 3.1.0)
    - Overcoat/PromiseKit/NSURLSession (= 3.1.0)
    - PromiseKit/Promise (~> 1.2)
  - Overcoat/PromiseKit/NSURLConnection (3.1.0):
    - Overcoat/Core
    - Overcoat/Core/NSURLConnection
    - PromiseKit/Promise (~> 1.2)
  - Overcoat/PromiseKit/NSURLSession (3.1.0):
    - Overcoat/Core
    - Overcoat/Core/NSURLSession
    - PromiseKit/Promise (~> 1.2)
  - Overcoat/ReactiveCocoa (3.1.0):
    - Overcoat/Core
    - Overcoat/ReactiveCocoa/NSURLConnection (= 3.1.0)
    - Overcoat/ReactiveCocoa/NSURLSession (= 3.1.0)
    - ReactiveCocoa (~> 2.4)
  - Overcoat/ReactiveCocoa/NSURLConnection (3.1.0):
    - Overcoat/Core
    - Overcoat/Core/NSURLConnection
    - ReactiveCocoa (~> 2.4)
  - Overcoat/ReactiveCocoa/NSURLSession (3.1.0):
    - Overcoat/Core
    - Overcoat/Core/NSURLSession
    - ReactiveCocoa (~> 2.4)
  - PromiseKit/Promise (1.6.0)
  - ReactiveCocoa (2.5):
    - ReactiveCocoa/UI (= 2.5)
  - ReactiveCocoa/Core (2.5):
    - ReactiveCocoa/no-arc
  - ReactiveCocoa/no-arc (2.5)
  - ReactiveCocoa/UI (2.5):
    - ReactiveCocoa/Core

DEPENDENCIES:
  - AFNetworking
  - Mantle (~> 2.0)
  - MTLManagedObjectAdapter
  - OHHTTPStubs
  - Overcoat/CoreData (from `Overcoat.podspec`)
  - Overcoat/PromiseKit (from `Overcoat.podspec`)
  - Overcoat/ReactiveCocoa (from `Overcoat.podspec`)

EXTERNAL SOURCES:
  Overcoat:
    :path: Overcoat.podspec

SPEC CHECKSUMS:
  AFNetworking: 79f7eb1a0fcfa7beb409332b2ca49afe9ce53b05
  Mantle: 6bee68168423948be0c0c5924832bf3af188e099
  MTLManagedObjectAdapter: 2da4b0244ee66f87b43e5fe9e7cd47838dea83ae
  OHHTTPStubs: f639130b83fb5f4f022d38f841141b0a6fa77249
  Overcoat: 71d0897783e9c40c58da718e23b3a24753c58eb5
  PromiseKit: 6be651503d4af22830b5313be993c5a0ef77bf77
  ReactiveCocoa: e2db045570aa97c695e7aa97c2bcab222ae51f4a

COCOAPODS: 0.38.2
