PODS:
  - AFNetworking/NSURLSession (3.0.4):
    - AFNetworking/Reachability
    - AFNetworking/Security
    - AFNetworking/Serialization
  - AFNetworking/Reachability (3.0.4)
  - AFNetworking/Security (3.0.4)
  - AFNetworking/Serialization (3.0.4)
  - Mantle (2.0.6):
    - Mantle/extobjc (= 2.0.6)
  - Mantle/extobjc (2.0.6)
  - MTLManagedObjectAdapter (1.0.2):
    - Mantle (~> 2.0)
    - MTLManagedObjectAdapter/extobjc (= 1.0.2)
  - MTLManagedObjectAdapter/extobjc (1.0.2):
    - Mantle (~> 2.0)
  - OHHTTPStubs (5.2.1):
    - OHHTTPStubs/Default (= 5.2.1)
  - OHHTTPStubs/Core (5.2.1)
  - OHHTTPStubs/Default (5.2.1):
    - OHHTTPStubs/Core
    - OHHTTPStubs/JSON
    - OHHTTPStubs/NSURLSession
    - OHHTTPStubs/OHPathHelpers
  - OHHTTPStubs/JSON (5.2.1):
    - OHHTTPStubs/Core
  - OHHTTPStubs/NSURLSession (5.2.1):
    - OHHTTPStubs/Core
  - OHHTTPStubs/OHPathHelpers (5.2.1)
  - Overcoat (4.0.0-beta.2):
    - AFNetworking/NSURLSession (~> 3.0)
    - AFNetworking/Serialization (~> 3.0)
    - Mantle (~> 2.0)
  - Overcoat+CoreData (4.0.0-beta.2):
    - MTLManagedObjectAdapter (> 1.0)
    - Overcoat (~> 4.0.0-beta.2)
  - Overcoat+PromiseKit (4.0.0-beta.2):
    - Overcoat (~> 4.0.0-beta.2)
    - PromiseKit/CorePromise (> 2)
  - Overcoat+ReactiveCocoa (4.0.0-beta.2):
    - Overcoat (~> 4.0.0-beta.2)
    - ReactiveCocoa (~> 2.4)
  - PromiseKit/CorePromise (3.0.3)
  - ReactiveCocoa (2.5):
    - ReactiveCocoa/UI (= 2.5)
  - ReactiveCocoa/Core (2.5):
    - ReactiveCocoa/no-arc
  - ReactiveCocoa/no-arc (2.5)
  - ReactiveCocoa/UI (2.5):
    - ReactiveCocoa/Core

DEPENDENCIES:
  - OHHTTPStubs
  - Overcoat (from `.`)
  - Overcoat+CoreData (from `.`)
  - Overcoat+PromiseKit (from `.`)
  - Overcoat+ReactiveCocoa (from `.`)

EXTERNAL SOURCES:
  Overcoat:
    :path: "."
  Overcoat+CoreData:
    :path: "."
  Overcoat+PromiseKit:
    :path: "."
  Overcoat+ReactiveCocoa:
    :path: "."

SPEC CHECKSUMS:
  AFNetworking: a0075feb321559dc78d9d85b55d11caa19eabb93
  Mantle: 299966b00759634931699f69cb6a30b9239b944d
  MTLManagedObjectAdapter: 7e9bf033525c741129912b1a80bf36fb570b8286
  OHHTTPStubs: 3a42f25c00563b71355ac73112ba2324e9e6cef4
  Overcoat: 034cfff81a23d07c8e71a0c91c91666a70740115
  Overcoat+CoreData: b1561512e9686f52692e86d4d3eeb97a1c1d6249
  Overcoat+PromiseKit: 69df0e50a5310fb82b9b36d12744cfee6871b7f2
  Overcoat+ReactiveCocoa: 5a24bcc11a99ec8251ab1132bd5ca0e112325c4c
  PromiseKit: 00ec2a219bf5ad2833f95977698e921932b8dfd3
  ReactiveCocoa: e2db045570aa97c695e7aa97c2bcab222ae51f4a

PODFILE CHECKSUM: 7655d284c8e6cebe08c1cbfd0c95a6955588d9c2

COCOAPODS: 1.0.0.beta.4
