// !$*UTF8*$!
{
	archiveVersion = 1;
	classes = {
	};
	objectVersion = 46;
	objects = {

/* Begin PBXBuildFile section */
		9907B4131804312700ACDA89 /* OVCModelResponseSerializer.h in Headers */ = {isa = PBXBuildFile; fileRef = 9907B4111804312700ACDA89 /* OVCModelResponseSerializer.h */; settings = {ATTRIBUTES = (Public, ); }; };
		9907B4141804312700ACDA89 /* OVCModelResponseSerializer.h in Headers */ = {isa = PBXBuildFile; fileRef = 9907B4111804312700ACDA89 /* OVCModelResponseSerializer.h */; settings = {ATTRIBUTES = (Public, ); }; };
		9907B4151804312700ACDA89 /* OVCModelResponseSerializer.m in Sources */ = {isa = PBXBuildFile; fileRef = 9907B4121804312700ACDA89 /* OVCModelResponseSerializer.m */; };
		9907B4161804312700ACDA89 /* OVCModelResponseSerializer.m in Sources */ = {isa = PBXBuildFile; fileRef = 9907B4121804312700ACDA89 /* OVCModelResponseSerializer.m */; };
		9907B41C18045FCA00ACDA89 /* OVCSocialRequestSerializer.h in Headers */ = {isa = PBXBuildFile; fileRef = 9907B41A18045FCA00ACDA89 /* OVCSocialRequestSerializer.h */; settings = {ATTRIBUTES = (Public, ); }; };
		9907B41D18045FCA00ACDA89 /* OVCSocialRequestSerializer.h in Headers */ = {isa = PBXBuildFile; fileRef = 9907B41A18045FCA00ACDA89 /* OVCSocialRequestSerializer.h */; settings = {ATTRIBUTES = (Public, ); }; };
		9907B41E18045FCA00ACDA89 /* OVCSocialRequestSerializer.m in Sources */ = {isa = PBXBuildFile; fileRef = 9907B41B18045FCA00ACDA89 /* OVCSocialRequestSerializer.m */; };
		9907B41F18045FCA00ACDA89 /* OVCSocialRequestSerializer.m in Sources */ = {isa = PBXBuildFile; fileRef = 9907B41B18045FCA00ACDA89 /* OVCSocialRequestSerializer.m */; };
		9913E7B317D9E5C900E8C813 /* libOHHTTPStubs-iOS.a in Frameworks */ = {isa = PBXBuildFile; fileRef = 9913E7AC17D9E5A100E8C813 /* libOHHTTPStubs-iOS.a */; };
		9913E7B617D9E5E100E8C813 /* OHHTTPStubs.framework in Frameworks */ = {isa = PBXBuildFile; fileRef = 9913E7B017D9E5A100E8C813 /* OHHTTPStubs.framework */; };
		993E4BB0173BEA7F0036969E /* SystemConfiguration.framework in Frameworks */ = {isa = PBXBuildFile; fileRef = 993E4BAF173BEA7F0036969E /* SystemConfiguration.framework */; };
		993E4BB2173BEA850036969E /* MobileCoreServices.framework in Frameworks */ = {isa = PBXBuildFile; fileRef = 993E4BB1173BEA850036969E /* MobileCoreServices.framework */; };
		993E4BB5173BEB0A0036969E /* OVCClient.m in Sources */ = {isa = PBXBuildFile; fileRef = 993E4BB4173BEB0A0036969E /* OVCClient.m */; };
		993E4BDA173BECC70036969E /* libMantle.a in Frameworks */ = {isa = PBXBuildFile; fileRef = 993E4BD5173BECA10036969E /* libMantle.a */; };
		993E4BDD173BED190036969E /* OVCClientTests.m in Sources */ = {isa = PBXBuildFile; fileRef = 993E4BDC173BED190036969E /* OVCClientTests.m */; };
		9943A30B1744E4C200403CA3 /* OVCSocialClient.m in Sources */ = {isa = PBXBuildFile; fileRef = 9943A30A1744E4C200403CA3 /* OVCSocialClient.m */; };
		9943A3101744ECC000403CA3 /* Accounts.framework in Frameworks */ = {isa = PBXBuildFile; fileRef = 9943A30F1744ECC000403CA3 /* Accounts.framework */; };
		9943A3121744ECE300403CA3 /* Social.framework in Frameworks */ = {isa = PBXBuildFile; fileRef = 9943A3111744ECE300403CA3 /* Social.framework */; };
		9943A3151744EDBB00403CA3 /* OVCSocialClientTests.m in Sources */ = {isa = PBXBuildFile; fileRef = 9943A3141744EDBB00403CA3 /* OVCSocialClientTests.m */; };
		994B287517463C9A003E487E /* InfoPlist.strings in Resources */ = {isa = PBXBuildFile; fileRef = 994B287317463C9A003E487E /* InfoPlist.strings */; };
		994B288017463C9A003E487E /* SenTestingKit.framework in Frameworks */ = {isa = PBXBuildFile; fileRef = 99663E21173BAD1D0090F0E6 /* SenTestingKit.framework */; };
		994B288417463C9A003E487E /* Overcoat.framework in Frameworks */ = {isa = PBXBuildFile; fileRef = 994B286917463C9A003E487E /* Overcoat.framework */; };
		994B289917463E16003E487E /* OVCClient.m in Sources */ = {isa = PBXBuildFile; fileRef = 993E4BB4173BEB0A0036969E /* OVCClient.m */; };
		994B289A17463E16003E487E /* OVCSocialClient.m in Sources */ = {isa = PBXBuildFile; fileRef = 9943A30A1744E4C200403CA3 /* OVCSocialClient.m */; };
		994B289C17463E16003E487E /* NSDictionary+Overcoat.m in Sources */ = {isa = PBXBuildFile; fileRef = 9954E22B17413FBD00717F72 /* NSDictionary+Overcoat.m */; };
		994B28A817464000003E487E /* OVCClient.h in Headers */ = {isa = PBXBuildFile; fileRef = 993E4BB3173BEB0A0036969E /* OVCClient.h */; settings = {ATTRIBUTES = (Public, ); }; };
		994B28A917464006003E487E /* OVCSocialClient.h in Headers */ = {isa = PBXBuildFile; fileRef = 9943A3091744E4C200403CA3 /* OVCSocialClient.h */; settings = {ATTRIBUTES = (Public, ); }; };
		994B28AB17464014003E487E /* NSDictionary+Overcoat.h in Headers */ = {isa = PBXBuildFile; fileRef = 9954E22A17413FBD00717F72 /* NSDictionary+Overcoat.h */; settings = {ATTRIBUTES = (Public, ); }; };
		994B28B1174643AC003E487E /* NSDictionaryTests.m in Sources */ = {isa = PBXBuildFile; fileRef = 9954E2311741438E00717F72 /* NSDictionaryTests.m */; };
		994B28B5174643AC003E487E /* OVCClientTests.m in Sources */ = {isa = PBXBuildFile; fileRef = 993E4BDC173BED190036969E /* OVCClientTests.m */; };
		994B28B6174643AC003E487E /* OVCSocialClientTests.m in Sources */ = {isa = PBXBuildFile; fileRef = 9943A3141744EDBB00403CA3 /* OVCSocialClientTests.m */; };
		994B28B8174643AC003E487E /* TestModel.m in Sources */ = {isa = PBXBuildFile; fileRef = 9954E23A1741487600717F72 /* TestModel.m */; };
		994B28BE174644A0003E487E /* SystemConfiguration.framework in Frameworks */ = {isa = PBXBuildFile; fileRef = 993E4BAF173BEA7F0036969E /* SystemConfiguration.framework */; };
		994B28BF174644A8003E487E /* Foundation.framework in Frameworks */ = {isa = PBXBuildFile; fileRef = 99663E12173BAD1D0090F0E6 /* Foundation.framework */; };
		994B28C0174644B5003E487E /* Social.framework in Frameworks */ = {isa = PBXBuildFile; fileRef = 9943A3111744ECE300403CA3 /* Social.framework */; settings = {ATTRIBUTES = (Weak, ); }; };
		994B28C1174644BB003E487E /* Accounts.framework in Frameworks */ = {isa = PBXBuildFile; fileRef = 9943A30F1744ECC000403CA3 /* Accounts.framework */; settings = {ATTRIBUTES = (Weak, ); }; };
		994B28C317464EF6003E487E /* CoreServices.framework in Frameworks */ = {isa = PBXBuildFile; fileRef = 994B28C217464EF6003E487E /* CoreServices.framework */; };
		994B28C517464FBC003E487E /* Cocoa.framework in Frameworks */ = {isa = PBXBuildFile; fileRef = 994B28C417464FBC003E487E /* Cocoa.framework */; };
		994B28C817465048003E487E /* Mantle.framework in Frameworks */ = {isa = PBXBuildFile; fileRef = 993E4BD1173BECA10036969E /* Mantle.framework */; };
		994B28CB17465150003E487E /* Social.framework in Frameworks */ = {isa = PBXBuildFile; fileRef = 9943A3111744ECE300403CA3 /* Social.framework */; };
		994B28CC17465156003E487E /* Accounts.framework in Frameworks */ = {isa = PBXBuildFile; fileRef = 9943A30F1744ECC000403CA3 /* Accounts.framework */; };
		994B28CD1746518F003E487E /* Mantle.framework in Frameworks */ = {isa = PBXBuildFile; fileRef = 993E4BD1173BECA10036969E /* Mantle.framework */; };
		994B28D0174653D4003E487E /* OCMock.framework in CopyFiles */ = {isa = PBXBuildFile; fileRef = 994B28C91746511E003E487E /* OCMock.framework */; };
		994B28D717465782003E487E /* Overcoat.h in Headers */ = {isa = PBXBuildFile; fileRef = 994B28D117465711003E487E /* Overcoat.h */; settings = {ATTRIBUTES = (Public, ); }; };
		9954E22C17413FBD00717F72 /* NSDictionary+Overcoat.m in Sources */ = {isa = PBXBuildFile; fileRef = 9954E22B17413FBD00717F72 /* NSDictionary+Overcoat.m */; };
		9954E2321741438E00717F72 /* NSDictionaryTests.m in Sources */ = {isa = PBXBuildFile; fileRef = 9954E2311741438E00717F72 /* NSDictionaryTests.m */; };
		9954E23B1741487600717F72 /* TestModel.m in Sources */ = {isa = PBXBuildFile; fileRef = 9954E23A1741487600717F72 /* TestModel.m */; };
		9958C1221805460400A53B67 /* OVCModelResponseSerializerTests.m in Sources */ = {isa = PBXBuildFile; fileRef = 9958C1211805460400A53B67 /* OVCModelResponseSerializerTests.m */; };
		9958C1231805460400A53B67 /* OVCModelResponseSerializerTests.m in Sources */ = {isa = PBXBuildFile; fileRef = 9958C1211805460400A53B67 /* OVCModelResponseSerializerTests.m */; };
		9958C127180553A800A53B67 /* OVCTestCase.m in Sources */ = {isa = PBXBuildFile; fileRef = 9958C126180553A800A53B67 /* OVCTestCase.m */; };
		9958C128180553A800A53B67 /* OVCTestCase.m in Sources */ = {isa = PBXBuildFile; fileRef = 9958C126180553A800A53B67 /* OVCTestCase.m */; };
		995E0D79174661FC00708FD5 /* OCMock.framework in Frameworks */ = {isa = PBXBuildFile; fileRef = 994B28C91746511E003E487E /* OCMock.framework */; };
		99663E13173BAD1D0090F0E6 /* Foundation.framework in Frameworks */ = {isa = PBXBuildFile; fileRef = 99663E12173BAD1D0090F0E6 /* Foundation.framework */; };
		99663E22173BAD1D0090F0E6 /* SenTestingKit.framework in Frameworks */ = {isa = PBXBuildFile; fileRef = 99663E21173BAD1D0090F0E6 /* SenTestingKit.framework */; };
		99663E25173BAD1D0090F0E6 /* Foundation.framework in Frameworks */ = {isa = PBXBuildFile; fileRef = 99663E12173BAD1D0090F0E6 /* Foundation.framework */; };
		99663E28173BAD1D0090F0E6 /* libOvercoat.a in Frameworks */ = {isa = PBXBuildFile; fileRef = 99663E0F173BAD1D0090F0E6 /* libOvercoat.a */; };
		99663E2E173BAD1D0090F0E6 /* InfoPlist.strings in Resources */ = {isa = PBXBuildFile; fileRef = 99663E2C173BAD1D0090F0E6 /* InfoPlist.strings */; };
		99A3250817900B24001DB36A /* CoreGraphics.framework in Frameworks */ = {isa = PBXBuildFile; fileRef = 99A3250717900B24001DB36A /* CoreGraphics.framework */; };
		99B8FDF817465C03006F32A2 /* UIKit.framework in Frameworks */ = {isa = PBXBuildFile; fileRef = 99B8FDF717465C03006F32A2 /* UIKit.framework */; };
		99B8FE031746612E006F32A2 /* libOCMock.a in Frameworks */ = {isa = PBXBuildFile; fileRef = 9975EA441742218200C63065 /* libOCMock.a */; };
		99C8285A17DDDBA5002893C0 /* libAFNetworking.a in Frameworks */ = {isa = PBXBuildFile; fileRef = 99C8285317DDDB47002893C0 /* libAFNetworking.a */; };
		99C8285D17DDDBB8002893C0 /* AFNetworking.framework in Frameworks */ = {isa = PBXBuildFile; fileRef = 99C8285517DDDB47002893C0 /* AFNetworking.framework */; };
		99C8285E17DDDBDE002893C0 /* AFNetworking.framework in Frameworks */ = {isa = PBXBuildFile; fileRef = 99C8285517DDDB47002893C0 /* AFNetworking.framework */; };
		99ED270C17ABC57C00E5CF8B /* Security.framework in Frameworks */ = {isa = PBXBuildFile; fileRef = 99ED270B17ABC57C00E5CF8B /* Security.framework */; };
		99ED270F17ABC7D800E5CF8B /* Security.framework in Frameworks */ = {isa = PBXBuildFile; fileRef = 99ED270B17ABC57C00E5CF8B /* Security.framework */; };
		99ED271317ABC9DF00E5CF8B /* Overcoat.h in Headers */ = {isa = PBXBuildFile; fileRef = 994B28D117465711003E487E /* Overcoat.h */; settings = {ATTRIBUTES = (Public, ); }; };
		99ED271617ABC9F300E5CF8B /* OVCClient.h in Headers */ = {isa = PBXBuildFile; fileRef = 993E4BB3173BEB0A0036969E /* OVCClient.h */; settings = {ATTRIBUTES = (Public, ); }; };
		99ED271717ABC9FA00E5CF8B /* OVCSocialClient.h in Headers */ = {isa = PBXBuildFile; fileRef = 9943A3091744E4C200403CA3 /* OVCSocialClient.h */; settings = {ATTRIBUTES = (Public, ); }; };
		99ED271917ABCA0A00E5CF8B /* NSDictionary+Overcoat.h in Headers */ = {isa = PBXBuildFile; fileRef = 9954E22A17413FBD00717F72 /* NSDictionary+Overcoat.h */; settings = {ATTRIBUTES = (Public, ); }; };
		99FC436717D8CAE0007276B5 /* testResponse.json in Resources */ = {isa = PBXBuildFile; fileRef = 99FC436617D8CAE0007276B5 /* testResponse.json */; };
		99FC436817D8CAE0007276B5 /* testResponse.json in Resources */ = {isa = PBXBuildFile; fileRef = 99FC436617D8CAE0007276B5 /* testResponse.json */; };
/* End PBXBuildFile section */

/* Begin PBXContainerItemProxy section */
		9913E7AB17D9E5A100E8C813 /* PBXContainerItemProxy */ = {
			isa = PBXContainerItemProxy;
			containerPortal = 9913E7A317D9E5A100E8C813 /* OHHTTPStubs.xcodeproj */;
			proxyType = 2;
			remoteGlobalIDString = 09793579161B6251006DB5D5;
			remoteInfo = "OHHTTPStubs-iOS";
		};
		9913E7AD17D9E5A100E8C813 /* PBXContainerItemProxy */ = {
			isa = PBXContainerItemProxy;
			containerPortal = 9913E7A317D9E5A100E8C813 /* OHHTTPStubs.xcodeproj */;
			proxyType = 2;
			remoteGlobalIDString = 098368CE168FC7920082B1A4;
			remoteInfo = UnitTests;
		};
		9913E7AF17D9E5A100E8C813 /* PBXContainerItemProxy */ = {
			isa = PBXContainerItemProxy;
			containerPortal = 9913E7A317D9E5A100E8C813 /* OHHTTPStubs.xcodeproj */;
			proxyType = 2;
			remoteGlobalIDString = F6C37BA016F6C8680082B630;
			remoteInfo = OHHTTPStubs;
		};
		9913E7B117D9E5C200E8C813 /* PBXContainerItemProxy */ = {
			isa = PBXContainerItemProxy;
			containerPortal = 9913E7A317D9E5A100E8C813 /* OHHTTPStubs.xcodeproj */;
			proxyType = 1;
			remoteGlobalIDString = 09793578161B6251006DB5D5;
			remoteInfo = "OHHTTPStubs-iOS";
		};
		9913E7B417D9E5D800E8C813 /* PBXContainerItemProxy */ = {
			isa = PBXContainerItemProxy;
			containerPortal = 9913E7A317D9E5A100E8C813 /* OHHTTPStubs.xcodeproj */;
			proxyType = 1;
			remoteGlobalIDString = F6C37B9F16F6C8680082B630;
			remoteInfo = OHHTTPStubs;
		};
		993E4BD0173BECA10036969E /* PBXContainerItemProxy */ = {
			isa = PBXContainerItemProxy;
			containerPortal = 993E4BC7173BECA10036969E /* Mantle.xcodeproj */;
			proxyType = 2;
			remoteGlobalIDString = D042FC3C15F72B23004E8054;
			remoteInfo = "Mantle Mac";
		};
		993E4BD2173BECA10036969E /* PBXContainerItemProxy */ = {
			isa = PBXContainerItemProxy;
			containerPortal = 993E4BC7173BECA10036969E /* Mantle.xcodeproj */;
			proxyType = 2;
			remoteGlobalIDString = D042FC5415F72B23004E8054;
			remoteInfo = "Mantle Mac Tests";
		};
		993E4BD4173BECA10036969E /* PBXContainerItemProxy */ = {
			isa = PBXContainerItemProxy;
			containerPortal = 993E4BC7173BECA10036969E /* Mantle.xcodeproj */;
			proxyType = 2;
			remoteGlobalIDString = D042FC7915F72BC7004E8054;
			remoteInfo = "Mantle iOS";
		};
		993E4BD6173BECA10036969E /* PBXContainerItemProxy */ = {
			isa = PBXContainerItemProxy;
			containerPortal = 993E4BC7173BECA10036969E /* Mantle.xcodeproj */;
			proxyType = 2;
			remoteGlobalIDString = D042FC8715F72BC7004E8054;
			remoteInfo = "Mantle iOS Tests";
		};
		993E4BD8173BECBD0036969E /* PBXContainerItemProxy */ = {
			isa = PBXContainerItemProxy;
			containerPortal = 993E4BC7173BECA10036969E /* Mantle.xcodeproj */;
			proxyType = 1;
			remoteGlobalIDString = D042FC7815F72BC7004E8054;
			remoteInfo = "Mantle iOS";
		};
		994B288217463C9A003E487E /* PBXContainerItemProxy */ = {
			isa = PBXContainerItemProxy;
			containerPortal = 99663E07173BAD1D0090F0E6 /* Project object */;
			proxyType = 1;
			remoteGlobalIDString = 994B286817463C9A003E487E;
			remoteInfo = Overcoat;
		};
		994B28C61746503E003E487E /* PBXContainerItemProxy */ = {
			isa = PBXContainerItemProxy;
			containerPortal = 993E4BC7173BECA10036969E /* Mantle.xcodeproj */;
			proxyType = 1;
			remoteGlobalIDString = D042FC3B15F72B23004E8054;
			remoteInfo = "Mantle Mac";
		};
		99663E26173BAD1D0090F0E6 /* PBXContainerItemProxy */ = {
			isa = PBXContainerItemProxy;
			containerPortal = 99663E07173BAD1D0090F0E6 /* Project object */;
			proxyType = 1;
			remoteGlobalIDString = 99663E0E173BAD1D0090F0E6;
			remoteInfo = Overcoat;
		};
		99C8285217DDDB47002893C0 /* PBXContainerItemProxy */ = {
			isa = PBXContainerItemProxy;
			containerPortal = 99C8284D17DDDB47002893C0 /* OvercoatDependencies.xcodeproj */;
			proxyType = 2;
			remoteGlobalIDString = 99C827CC17DDD7F8002893C0;
			remoteInfo = "AFNetworking iOS";
		};
		99C8285417DDDB47002893C0 /* PBXContainerItemProxy */ = {
			isa = PBXContainerItemProxy;
			containerPortal = 99C8284D17DDDB47002893C0 /* OvercoatDependencies.xcodeproj */;
			proxyType = 2;
			remoteGlobalIDString = 99C8281D17DDD952002893C0;
			remoteInfo = "AFNetworking Mac";
		};
		99C8285617DDDB77002893C0 /* PBXContainerItemProxy */ = {
			isa = PBXContainerItemProxy;
			containerPortal = 99C8284D17DDDB47002893C0 /* OvercoatDependencies.xcodeproj */;
			proxyType = 1;
			remoteGlobalIDString = 996FDE841805870F00BC0F21;
			remoteInfo = "AFNetworking iOS";
		};
		99C8285B17DDDBB0002893C0 /* PBXContainerItemProxy */ = {
			isa = PBXContainerItemProxy;
			containerPortal = 99C8284D17DDDB47002893C0 /* OvercoatDependencies.xcodeproj */;
			proxyType = 1;
			remoteGlobalIDString = 996FDEB01805897A00BC0F21;
			remoteInfo = "AFNetworking Mac";
		};
		99ED271A17ABCB4700E5CF8B /* PBXContainerItemProxy */ = {
			isa = PBXContainerItemProxy;
			containerPortal = 993E4BC7173BECA10036969E /* Mantle.xcodeproj */;
			proxyType = 1;
			remoteGlobalIDString = D042FC7815F72BC7004E8054;
			remoteInfo = "Mantle iOS";
		};
/* End PBXContainerItemProxy section */

/* Begin PBXCopyFilesBuildPhase section */
		994B28CF174653C3003E487E /* CopyFiles */ = {
			isa = PBXCopyFilesBuildPhase;
			buildActionMask = 2147483647;
			dstPath = "";
			dstSubfolderSpec = 16;
			files = (
				994B28D0174653D4003E487E /* OCMock.framework in CopyFiles */,
			);
			runOnlyForDeploymentPostprocessing = 0;
		};
/* End PBXCopyFilesBuildPhase section */

/* Begin PBXFileReference section */
		9907B4111804312700ACDA89 /* OVCModelResponseSerializer.h */ = {isa = PBXFileReference; fileEncoding = 4; lastKnownFileType = sourcecode.c.h; path = OVCModelResponseSerializer.h; sourceTree = "<group>"; };
		9907B4121804312700ACDA89 /* OVCModelResponseSerializer.m */ = {isa = PBXFileReference; fileEncoding = 4; lastKnownFileType = sourcecode.c.objc; path = OVCModelResponseSerializer.m; sourceTree = "<group>"; };
		9907B41A18045FCA00ACDA89 /* OVCSocialRequestSerializer.h */ = {isa = PBXFileReference; fileEncoding = 4; lastKnownFileType = sourcecode.c.h; path = OVCSocialRequestSerializer.h; sourceTree = "<group>"; };
		9907B41B18045FCA00ACDA89 /* OVCSocialRequestSerializer.m */ = {isa = PBXFileReference; fileEncoding = 4; lastKnownFileType = sourcecode.c.objc; path = OVCSocialRequestSerializer.m; sourceTree = "<group>"; };
		9913E7A317D9E5A100E8C813 /* OHHTTPStubs.xcodeproj */ = {isa = PBXFileReference; lastKnownFileType = "wrapper.pb-project"; name = OHHTTPStubs.xcodeproj; path = OvercoatTests/OHHTTPStubs/OHHTTPStubs/OHHTTPStubs.xcodeproj; sourceTree = "<group>"; };
		993E4BAF173BEA7F0036969E /* SystemConfiguration.framework */ = {isa = PBXFileReference; lastKnownFileType = wrapper.framework; name = SystemConfiguration.framework; path = System/Library/Frameworks/SystemConfiguration.framework; sourceTree = SDKROOT; };
		993E4BB1173BEA850036969E /* MobileCoreServices.framework */ = {isa = PBXFileReference; lastKnownFileType = wrapper.framework; name = MobileCoreServices.framework; path = System/Library/Frameworks/MobileCoreServices.framework; sourceTree = SDKROOT; };
		993E4BB3173BEB0A0036969E /* OVCClient.h */ = {isa = PBXFileReference; fileEncoding = 4; lastKnownFileType = sourcecode.c.h; path = OVCClient.h; sourceTree = "<group>"; };
		993E4BB4173BEB0A0036969E /* OVCClient.m */ = {isa = PBXFileReference; fileEncoding = 4; lastKnownFileType = sourcecode.c.objc; path = OVCClient.m; sourceTree = "<group>"; };
		993E4BC7173BECA10036969E /* Mantle.xcodeproj */ = {isa = PBXFileReference; lastKnownFileType = "wrapper.pb-project"; name = Mantle.xcodeproj; path = Mantle/Mantle.xcodeproj; sourceTree = "<group>"; };
		993E4BDC173BED190036969E /* OVCClientTests.m */ = {isa = PBXFileReference; fileEncoding = 4; lastKnownFileType = sourcecode.c.objc; path = OVCClientTests.m; sourceTree = "<group>"; };
		9943A3091744E4C200403CA3 /* OVCSocialClient.h */ = {isa = PBXFileReference; fileEncoding = 4; lastKnownFileType = sourcecode.c.h; path = OVCSocialClient.h; sourceTree = "<group>"; };
		9943A30A1744E4C200403CA3 /* OVCSocialClient.m */ = {isa = PBXFileReference; fileEncoding = 4; lastKnownFileType = sourcecode.c.objc; path = OVCSocialClient.m; sourceTree = "<group>"; };
		9943A30F1744ECC000403CA3 /* Accounts.framework */ = {isa = PBXFileReference; lastKnownFileType = wrapper.framework; name = Accounts.framework; path = System/Library/Frameworks/Accounts.framework; sourceTree = SDKROOT; };
		9943A3111744ECE300403CA3 /* Social.framework */ = {isa = PBXFileReference; lastKnownFileType = wrapper.framework; name = Social.framework; path = System/Library/Frameworks/Social.framework; sourceTree = SDKROOT; };
		9943A3141744EDBB00403CA3 /* OVCSocialClientTests.m */ = {isa = PBXFileReference; fileEncoding = 4; lastKnownFileType = sourcecode.c.objc; path = OVCSocialClientTests.m; sourceTree = "<group>"; };
		994B286917463C9A003E487E /* Overcoat.framework */ = {isa = PBXFileReference; explicitFileType = wrapper.framework; includeInIndex = 0; path = Overcoat.framework; sourceTree = BUILT_PRODUCTS_DIR; };
		994B287217463C9A003E487E /* Overcoat-Info.plist */ = {isa = PBXFileReference; lastKnownFileType = text.plist.xml; path = "Overcoat-Info.plist"; sourceTree = "<group>"; };
		994B287417463C9A003E487E /* en */ = {isa = PBXFileReference; lastKnownFileType = text.plist.strings; name = en; path = en.lproj/InfoPlist.strings; sourceTree = "<group>"; };
		994B287F17463C9A003E487E /* Overcoat Mac Tests.octest */ = {isa = PBXFileReference; explicitFileType = wrapper.cfbundle; includeInIndex = 0; path = "Overcoat Mac Tests.octest"; sourceTree = BUILT_PRODUCTS_DIR; };
		994B28C217464EF6003E487E /* CoreServices.framework */ = {isa = PBXFileReference; lastKnownFileType = wrapper.framework; name = CoreServices.framework; path = Platforms/MacOSX.platform/Developer/SDKs/MacOSX10.8.sdk/System/Library/Frameworks/CoreServices.framework; sourceTree = DEVELOPER_DIR; };
		994B28C417464FBC003E487E /* Cocoa.framework */ = {isa = PBXFileReference; lastKnownFileType = wrapper.framework; name = Cocoa.framework; path = Platforms/MacOSX.platform/Developer/SDKs/MacOSX10.8.sdk/System/Library/Frameworks/Cocoa.framework; sourceTree = DEVELOPER_DIR; };
		994B28C91746511E003E487E /* OCMock.framework */ = {isa = PBXFileReference; lastKnownFileType = wrapper.framework; name = OCMock.framework; path = OvercoatTests/OCMock/OSX/OCMock.framework; sourceTree = "<group>"; };
		994B28D117465711003E487E /* Overcoat.h */ = {isa = PBXFileReference; lastKnownFileType = sourcecode.c.h; path = Overcoat.h; sourceTree = "<group>"; };
		9954E22A17413FBD00717F72 /* NSDictionary+Overcoat.h */ = {isa = PBXFileReference; fileEncoding = 4; lastKnownFileType = sourcecode.c.h; path = "NSDictionary+Overcoat.h"; sourceTree = "<group>"; };
		9954E22B17413FBD00717F72 /* NSDictionary+Overcoat.m */ = {isa = PBXFileReference; fileEncoding = 4; lastKnownFileType = sourcecode.c.objc; path = "NSDictionary+Overcoat.m"; sourceTree = "<group>"; };
		9954E2311741438E00717F72 /* NSDictionaryTests.m */ = {isa = PBXFileReference; fileEncoding = 4; lastKnownFileType = sourcecode.c.objc; path = NSDictionaryTests.m; sourceTree = "<group>"; };
		9954E2391741487600717F72 /* TestModel.h */ = {isa = PBXFileReference; fileEncoding = 4; lastKnownFileType = sourcecode.c.h; path = TestModel.h; sourceTree = "<group>"; };
		9954E23A1741487600717F72 /* TestModel.m */ = {isa = PBXFileReference; fileEncoding = 4; lastKnownFileType = sourcecode.c.objc; path = TestModel.m; sourceTree = "<group>"; };
		9958C1211805460400A53B67 /* OVCModelResponseSerializerTests.m */ = {isa = PBXFileReference; fileEncoding = 4; lastKnownFileType = sourcecode.c.objc; path = OVCModelResponseSerializerTests.m; sourceTree = "<group>"; };
		9958C1241805535200A53B67 /* TGRAsyncTestHelper.h */ = {isa = PBXFileReference; lastKnownFileType = sourcecode.c.h; path = TGRAsyncTestHelper.h; sourceTree = "<group>"; };
		9958C125180553A800A53B67 /* OVCTestCase.h */ = {isa = PBXFileReference; fileEncoding = 4; lastKnownFileType = sourcecode.c.h; path = OVCTestCase.h; sourceTree = "<group>"; };
		9958C126180553A800A53B67 /* OVCTestCase.m */ = {isa = PBXFileReference; fileEncoding = 4; lastKnownFileType = sourcecode.c.objc; path = OVCTestCase.m; sourceTree = "<group>"; };
		99663E0F173BAD1D0090F0E6 /* libOvercoat.a */ = {isa = PBXFileReference; explicitFileType = archive.ar; includeInIndex = 0; path = libOvercoat.a; sourceTree = BUILT_PRODUCTS_DIR; };
		99663E12173BAD1D0090F0E6 /* Foundation.framework */ = {isa = PBXFileReference; lastKnownFileType = wrapper.framework; name = Foundation.framework; path = System/Library/Frameworks/Foundation.framework; sourceTree = SDKROOT; };
		99663E16173BAD1D0090F0E6 /* Overcoat-Prefix.pch */ = {isa = PBXFileReference; lastKnownFileType = sourcecode.c.h; path = "Overcoat-Prefix.pch"; sourceTree = "<group>"; };
		99663E20173BAD1D0090F0E6 /* Overcoat iOS Tests.octest */ = {isa = PBXFileReference; explicitFileType = wrapper.cfbundle; includeInIndex = 0; path = "Overcoat iOS Tests.octest"; sourceTree = BUILT_PRODUCTS_DIR; };
		99663E21173BAD1D0090F0E6 /* SenTestingKit.framework */ = {isa = PBXFileReference; lastKnownFileType = wrapper.framework; name = SenTestingKit.framework; path = Library/Frameworks/SenTestingKit.framework; sourceTree = DEVELOPER_DIR; };
		99663E2B173BAD1D0090F0E6 /* OvercoatTests-Info.plist */ = {isa = PBXFileReference; lastKnownFileType = text.plist.xml; path = "OvercoatTests-Info.plist"; sourceTree = "<group>"; };
		99663E2D173BAD1D0090F0E6 /* en */ = {isa = PBXFileReference; lastKnownFileType = text.plist.strings; name = en; path = en.lproj/InfoPlist.strings; sourceTree = "<group>"; };
		9975EA441742218200C63065 /* libOCMock.a */ = {isa = PBXFileReference; lastKnownFileType = archive.ar; name = libOCMock.a; path = OvercoatTests/OCMock/iOS/libOCMock.a; sourceTree = "<group>"; };
		99A3250717900B24001DB36A /* CoreGraphics.framework */ = {isa = PBXFileReference; lastKnownFileType = wrapper.framework; name = CoreGraphics.framework; path = System/Library/Frameworks/CoreGraphics.framework; sourceTree = SDKROOT; };
		99B8FDF717465C03006F32A2 /* UIKit.framework */ = {isa = PBXFileReference; lastKnownFileType = wrapper.framework; name = UIKit.framework; path = System/Library/Frameworks/UIKit.framework; sourceTree = SDKROOT; };
		99C8284D17DDDB47002893C0 /* OvercoatDependencies.xcodeproj */ = {isa = PBXFileReference; lastKnownFileType = "wrapper.pb-project"; name = OvercoatDependencies.xcodeproj; path = OvercoatDependencies/OvercoatDependencies.xcodeproj; sourceTree = "<group>"; };
		99ED26F317ABC2E900E5CF8B /* Common.xcconfig */ = {isa = PBXFileReference; lastKnownFileType = text.xcconfig; path = Common.xcconfig; sourceTree = "<group>"; };
		99ED26F517ABC2E900E5CF8B /* Debug.xcconfig */ = {isa = PBXFileReference; lastKnownFileType = text.xcconfig; path = Debug.xcconfig; sourceTree = "<group>"; };
		99ED26F617ABC2E900E5CF8B /* Profile.xcconfig */ = {isa = PBXFileReference; lastKnownFileType = text.xcconfig; path = Profile.xcconfig; sourceTree = "<group>"; };
		99ED26F717ABC2E900E5CF8B /* Release.xcconfig */ = {isa = PBXFileReference; lastKnownFileType = text.xcconfig; path = Release.xcconfig; sourceTree = "<group>"; };
		99ED26F817ABC2E900E5CF8B /* Test.xcconfig */ = {isa = PBXFileReference; lastKnownFileType = text.xcconfig; path = Test.xcconfig; sourceTree = "<group>"; };
		99ED26FA17ABC2E900E5CF8B /* Application.xcconfig */ = {isa = PBXFileReference; lastKnownFileType = text.xcconfig; path = Application.xcconfig; sourceTree = "<group>"; };
		99ED26FB17ABC2E900E5CF8B /* StaticLibrary.xcconfig */ = {isa = PBXFileReference; lastKnownFileType = text.xcconfig; path = StaticLibrary.xcconfig; sourceTree = "<group>"; };
		99ED26FD17ABC2E900E5CF8B /* iOS-Application.xcconfig */ = {isa = PBXFileReference; lastKnownFileType = text.xcconfig; path = "iOS-Application.xcconfig"; sourceTree = "<group>"; };
		99ED26FE17ABC2E900E5CF8B /* iOS-Base.xcconfig */ = {isa = PBXFileReference; lastKnownFileType = text.xcconfig; path = "iOS-Base.xcconfig"; sourceTree = "<group>"; };
		99ED26FF17ABC2E900E5CF8B /* iOS-StaticLibrary.xcconfig */ = {isa = PBXFileReference; lastKnownFileType = text.xcconfig; path = "iOS-StaticLibrary.xcconfig"; sourceTree = "<group>"; };
		99ED270117ABC2E900E5CF8B /* Mac-Application.xcconfig */ = {isa = PBXFileReference; lastKnownFileType = text.xcconfig; path = "Mac-Application.xcconfig"; sourceTree = "<group>"; };
		99ED270217ABC2E900E5CF8B /* Mac-Base.xcconfig */ = {isa = PBXFileReference; lastKnownFileType = text.xcconfig; path = "Mac-Base.xcconfig"; sourceTree = "<group>"; };
		99ED270317ABC2E900E5CF8B /* Mac-DynamicLibrary.xcconfig */ = {isa = PBXFileReference; lastKnownFileType = text.xcconfig; path = "Mac-DynamicLibrary.xcconfig"; sourceTree = "<group>"; };
		99ED270417ABC2E900E5CF8B /* Mac-Framework.xcconfig */ = {isa = PBXFileReference; lastKnownFileType = text.xcconfig; path = "Mac-Framework.xcconfig"; sourceTree = "<group>"; };
		99ED270517ABC2E900E5CF8B /* Mac-StaticLibrary.xcconfig */ = {isa = PBXFileReference; lastKnownFileType = text.xcconfig; path = "Mac-StaticLibrary.xcconfig"; sourceTree = "<group>"; };
		99ED270617ABC2E900E5CF8B /* README.md */ = {isa = PBXFileReference; lastKnownFileType = text; path = README.md; sourceTree = "<group>"; };
		99ED270B17ABC57C00E5CF8B /* Security.framework */ = {isa = PBXFileReference; lastKnownFileType = wrapper.framework; name = Security.framework; path = System/Library/Frameworks/Security.framework; sourceTree = SDKROOT; };
		99ED271E17ABCD4000E5CF8B /* Overcoat-Prefix.pch */ = {isa = PBXFileReference; lastKnownFileType = sourcecode.c.h; path = "Overcoat-Prefix.pch"; sourceTree = "<group>"; };
		99FC436617D8CAE0007276B5 /* testResponse.json */ = {isa = PBXFileReference; fileEncoding = 4; lastKnownFileType = text.json; path = testResponse.json; sourceTree = "<group>"; };
/* End PBXFileReference section */

/* Begin PBXFrameworksBuildPhase section */
		994B286517463C9A003E487E /* Frameworks */ = {
			isa = PBXFrameworksBuildPhase;
			buildActionMask = 2147483647;
			files = (
				99C8285D17DDDBB8002893C0 /* AFNetworking.framework in Frameworks */,
				994B28C817465048003E487E /* Mantle.framework in Frameworks */,
				994B28C517464FBC003E487E /* Cocoa.framework in Frameworks */,
				994B28C317464EF6003E487E /* CoreServices.framework in Frameworks */,
				994B28BE174644A0003E487E /* SystemConfiguration.framework in Frameworks */,
				994B28BF174644A8003E487E /* Foundation.framework in Frameworks */,
				994B28C0174644B5003E487E /* Social.framework in Frameworks */,
				994B28C1174644BB003E487E /* Accounts.framework in Frameworks */,
				99ED270F17ABC7D800E5CF8B /* Security.framework in Frameworks */,
			);
			runOnlyForDeploymentPostprocessing = 0;
		};
		994B287B17463C9A003E487E /* Frameworks */ = {
			isa = PBXFrameworksBuildPhase;
			buildActionMask = 2147483647;
			files = (
				99C8285E17DDDBDE002893C0 /* AFNetworking.framework in Frameworks */,
				9913E7B617D9E5E100E8C813 /* OHHTTPStubs.framework in Frameworks */,
				994B28CD1746518F003E487E /* Mantle.framework in Frameworks */,
				994B288017463C9A003E487E /* SenTestingKit.framework in Frameworks */,
				994B288417463C9A003E487E /* Overcoat.framework in Frameworks */,
				994B28CB17465150003E487E /* Social.framework in Frameworks */,
				994B28CC17465156003E487E /* Accounts.framework in Frameworks */,
				995E0D79174661FC00708FD5 /* OCMock.framework in Frameworks */,
			);
			runOnlyForDeploymentPostprocessing = 0;
		};
		99663E0C173BAD1D0090F0E6 /* Frameworks */ = {
			isa = PBXFrameworksBuildPhase;
			buildActionMask = 2147483647;
			files = (
				99663E13173BAD1D0090F0E6 /* Foundation.framework in Frameworks */,
			);
			runOnlyForDeploymentPostprocessing = 0;
		};
		99663E1C173BAD1D0090F0E6 /* Frameworks */ = {
			isa = PBXFrameworksBuildPhase;
			buildActionMask = 2147483647;
			files = (
				99C8285A17DDDBA5002893C0 /* libAFNetworking.a in Frameworks */,
				9913E7B317D9E5C900E8C813 /* libOHHTTPStubs-iOS.a in Frameworks */,
				99ED270C17ABC57C00E5CF8B /* Security.framework in Frameworks */,
				99A3250817900B24001DB36A /* CoreGraphics.framework in Frameworks */,
				99B8FDF817465C03006F32A2 /* UIKit.framework in Frameworks */,
				9943A3121744ECE300403CA3 /* Social.framework in Frameworks */,
				9943A3101744ECC000403CA3 /* Accounts.framework in Frameworks */,
				993E4BDA173BECC70036969E /* libMantle.a in Frameworks */,
				99B8FE031746612E006F32A2 /* libOCMock.a in Frameworks */,
				993E4BB2173BEA850036969E /* MobileCoreServices.framework in Frameworks */,
				993E4BB0173BEA7F0036969E /* SystemConfiguration.framework in Frameworks */,
				99663E22173BAD1D0090F0E6 /* SenTestingKit.framework in Frameworks */,
				99663E25173BAD1D0090F0E6 /* Foundation.framework in Frameworks */,
				99663E28173BAD1D0090F0E6 /* libOvercoat.a in Frameworks */,
			);
			runOnlyForDeploymentPostprocessing = 0;
		};
/* End PBXFrameworksBuildPhase section */

/* Begin PBXGroup section */
		9913E7A417D9E5A100E8C813 /* Products */ = {
			isa = PBXGroup;
			children = (
				9913E7AC17D9E5A100E8C813 /* libOHHTTPStubs-iOS.a */,
				9913E7AE17D9E5A100E8C813 /* UnitTests.octest */,
				9913E7B017D9E5A100E8C813 /* OHHTTPStubs.framework */,
			);
			name = Products;
			sourceTree = "<group>";
		};
		993E4B91173BEA240036969E /* External */ = {
			isa = PBXGroup;
			children = (
				9913E7A317D9E5A100E8C813 /* OHHTTPStubs.xcodeproj */,
				993E4BC7173BECA10036969E /* Mantle.xcodeproj */,
				99C8284D17DDDB47002893C0 /* OvercoatDependencies.xcodeproj */,
			);
			name = External;
			sourceTree = "<group>";
		};
		993E4BC8173BECA10036969E /* Products */ = {
			isa = PBXGroup;
			children = (
				993E4BD1173BECA10036969E /* Mantle.framework */,
				993E4BD3173BECA10036969E /* Mantle Mac Tests.octest */,
				993E4BD5173BECA10036969E /* libMantle.a */,
				993E4BD7173BECA10036969E /* Mantle iOS Tests.octest */,
			);
			name = Products;
			sourceTree = "<group>";
		};
		99663E06173BAD1D0090F0E6 = {
			isa = PBXGroup;
			children = (
				993E4B91173BEA240036969E /* External */,
				99663E14173BAD1D0090F0E6 /* Overcoat */,
				99663E29173BAD1D0090F0E6 /* OvercoatTests */,
				99ED26F117ABC2E900E5CF8B /* Configuration */,
				99663E11173BAD1D0090F0E6 /* Frameworks */,
				99663E10173BAD1D0090F0E6 /* Products */,
			);
			sourceTree = "<group>";
		};
		99663E10173BAD1D0090F0E6 /* Products */ = {
			isa = PBXGroup;
			children = (
				99663E0F173BAD1D0090F0E6 /* libOvercoat.a */,
				99663E20173BAD1D0090F0E6 /* Overcoat iOS Tests.octest */,
				994B286917463C9A003E487E /* Overcoat.framework */,
				994B287F17463C9A003E487E /* Overcoat Mac Tests.octest */,
			);
			name = Products;
			sourceTree = "<group>";
		};
		99663E11173BAD1D0090F0E6 /* Frameworks */ = {
			isa = PBXGroup;
			children = (
				9975EA441742218200C63065 /* libOCMock.a */,
				99ED270B17ABC57C00E5CF8B /* Security.framework */,
				99A3250717900B24001DB36A /* CoreGraphics.framework */,
				994B28C91746511E003E487E /* OCMock.framework */,
				99B8FDF717465C03006F32A2 /* UIKit.framework */,
				994B28C417464FBC003E487E /* Cocoa.framework */,
				994B28C217464EF6003E487E /* CoreServices.framework */,
				9943A3111744ECE300403CA3 /* Social.framework */,
				9943A30F1744ECC000403CA3 /* Accounts.framework */,
				993E4BB1173BEA850036969E /* MobileCoreServices.framework */,
				993E4BAF173BEA7F0036969E /* SystemConfiguration.framework */,
				99663E12173BAD1D0090F0E6 /* Foundation.framework */,
				99663E21173BAD1D0090F0E6 /* SenTestingKit.framework */,
			);
			name = Frameworks;
			sourceTree = "<group>";
		};
		99663E14173BAD1D0090F0E6 /* Overcoat */ = {
			isa = PBXGroup;
			children = (
				994B28D117465711003E487E /* Overcoat.h */,
				9907B4111804312700ACDA89 /* OVCModelResponseSerializer.h */,
				9907B4121804312700ACDA89 /* OVCModelResponseSerializer.m */,
				993E4BB3173BEB0A0036969E /* OVCClient.h */,
				993E4BB4173BEB0A0036969E /* OVCClient.m */,
				9907B41A18045FCA00ACDA89 /* OVCSocialRequestSerializer.h */,
				9907B41B18045FCA00ACDA89 /* OVCSocialRequestSerializer.m */,
				9943A3091744E4C200403CA3 /* OVCSocialClient.h */,
				9943A30A1744E4C200403CA3 /* OVCSocialClient.m */,
				9954E22A17413FBD00717F72 /* NSDictionary+Overcoat.h */,
				9954E22B17413FBD00717F72 /* NSDictionary+Overcoat.m */,
				99663E15173BAD1D0090F0E6 /* Supporting Files */,
			);
			path = Overcoat;
			sourceTree = "<group>";
		};
		99663E15173BAD1D0090F0E6 /* Supporting Files */ = {
			isa = PBXGroup;
			children = (
				994B287217463C9A003E487E /* Overcoat-Info.plist */,
				994B287317463C9A003E487E /* InfoPlist.strings */,
				99663E16173BAD1D0090F0E6 /* Overcoat-Prefix.pch */,
			);
			name = "Supporting Files";
			sourceTree = "<group>";
		};
		99663E29173BAD1D0090F0E6 /* OvercoatTests */ = {
			isa = PBXGroup;
			children = (
				9958C1211805460400A53B67 /* OVCModelResponseSerializerTests.m */,
				993E4BDC173BED190036969E /* OVCClientTests.m */,
				9943A3141744EDBB00403CA3 /* OVCSocialClientTests.m */,
				9954E2311741438E00717F72 /* NSDictionaryTests.m */,
				99FC436517D8CAE0007276B5 /* Stubs */,
				99663E2A173BAD1D0090F0E6 /* Supporting Files */,
			);
			path = OvercoatTests;
			sourceTree = "<group>";
		};
		99663E2A173BAD1D0090F0E6 /* Supporting Files */ = {
			isa = PBXGroup;
			children = (
				99ED271E17ABCD4000E5CF8B /* Overcoat-Prefix.pch */,
				9954E2391741487600717F72 /* TestModel.h */,
				9954E23A1741487600717F72 /* TestModel.m */,
				9958C1241805535200A53B67 /* TGRAsyncTestHelper.h */,
				9958C125180553A800A53B67 /* OVCTestCase.h */,
				9958C126180553A800A53B67 /* OVCTestCase.m */,
				99663E2B173BAD1D0090F0E6 /* OvercoatTests-Info.plist */,
				99663E2C173BAD1D0090F0E6 /* InfoPlist.strings */,
			);
			name = "Supporting Files";
			sourceTree = "<group>";
		};
		99C8284E17DDDB47002893C0 /* Products */ = {
			isa = PBXGroup;
			children = (
				99C8285317DDDB47002893C0 /* libAFNetworking.a */,
				99C8285517DDDB47002893C0 /* AFNetworking.framework */,
			);
			name = Products;
			sourceTree = "<group>";
		};
		99ED26F117ABC2E900E5CF8B /* Configuration */ = {
			isa = PBXGroup;
			children = (
				99ED26F217ABC2E900E5CF8B /* Base */,
				99ED26FC17ABC2E900E5CF8B /* iOS */,
				99ED270017ABC2E900E5CF8B /* Mac OS X */,
				99ED270617ABC2E900E5CF8B /* README.md */,
			);
			path = Configuration;
			sourceTree = "<group>";
		};
		99ED26F217ABC2E900E5CF8B /* Base */ = {
			isa = PBXGroup;
			children = (
				99ED26F317ABC2E900E5CF8B /* Common.xcconfig */,
				99ED26F417ABC2E900E5CF8B /* Configurations */,
				99ED26F917ABC2E900E5CF8B /* Targets */,
			);
			path = Base;
			sourceTree = "<group>";
		};
		99ED26F417ABC2E900E5CF8B /* Configurations */ = {
			isa = PBXGroup;
			children = (
				99ED26F517ABC2E900E5CF8B /* Debug.xcconfig */,
				99ED26F617ABC2E900E5CF8B /* Profile.xcconfig */,
				99ED26F717ABC2E900E5CF8B /* Release.xcconfig */,
				99ED26F817ABC2E900E5CF8B /* Test.xcconfig */,
			);
			path = Configurations;
			sourceTree = "<group>";
		};
		99ED26F917ABC2E900E5CF8B /* Targets */ = {
			isa = PBXGroup;
			children = (
				99ED26FA17ABC2E900E5CF8B /* Application.xcconfig */,
				99ED26FB17ABC2E900E5CF8B /* StaticLibrary.xcconfig */,
			);
			path = Targets;
			sourceTree = "<group>";
		};
		99ED26FC17ABC2E900E5CF8B /* iOS */ = {
			isa = PBXGroup;
			children = (
				99ED26FD17ABC2E900E5CF8B /* iOS-Application.xcconfig */,
				99ED26FE17ABC2E900E5CF8B /* iOS-Base.xcconfig */,
				99ED26FF17ABC2E900E5CF8B /* iOS-StaticLibrary.xcconfig */,
			);
			path = iOS;
			sourceTree = "<group>";
		};
		99ED270017ABC2E900E5CF8B /* Mac OS X */ = {
			isa = PBXGroup;
			children = (
				99ED270117ABC2E900E5CF8B /* Mac-Application.xcconfig */,
				99ED270217ABC2E900E5CF8B /* Mac-Base.xcconfig */,
				99ED270317ABC2E900E5CF8B /* Mac-DynamicLibrary.xcconfig */,
				99ED270417ABC2E900E5CF8B /* Mac-Framework.xcconfig */,
				99ED270517ABC2E900E5CF8B /* Mac-StaticLibrary.xcconfig */,
			);
			path = "Mac OS X";
			sourceTree = "<group>";
		};
		99FC436517D8CAE0007276B5 /* Stubs */ = {
			isa = PBXGroup;
			children = (
				99FC436617D8CAE0007276B5 /* testResponse.json */,
			);
			path = Stubs;
			sourceTree = "<group>";
		};
/* End PBXGroup section */

/* Begin PBXHeadersBuildPhase section */
		994B286617463C9A003E487E /* Headers */ = {
			isa = PBXHeadersBuildPhase;
			buildActionMask = 2147483647;
			files = (
				994B28A817464000003E487E /* OVCClient.h in Headers */,
				9907B41D18045FCA00ACDA89 /* OVCSocialRequestSerializer.h in Headers */,
				994B28A917464006003E487E /* OVCSocialClient.h in Headers */,
				994B28AB17464014003E487E /* NSDictionary+Overcoat.h in Headers */,
				9907B4141804312700ACDA89 /* OVCModelResponseSerializer.h in Headers */,
				994B28D717465782003E487E /* Overcoat.h in Headers */,
			);
			runOnlyForDeploymentPostprocessing = 0;
		};
		99ED271217ABC9C500E5CF8B /* Headers */ = {
			isa = PBXHeadersBuildPhase;
			buildActionMask = 2147483647;
			files = (
				99ED271317ABC9DF00E5CF8B /* Overcoat.h in Headers */,
				9907B41C18045FCA00ACDA89 /* OVCSocialRequestSerializer.h in Headers */,
				99ED271617ABC9F300E5CF8B /* OVCClient.h in Headers */,
				99ED271717ABC9FA00E5CF8B /* OVCSocialClient.h in Headers */,
				9907B4131804312700ACDA89 /* OVCModelResponseSerializer.h in Headers */,
				99ED271917ABCA0A00E5CF8B /* NSDictionary+Overcoat.h in Headers */,
			);
			runOnlyForDeploymentPostprocessing = 0;
		};
/* End PBXHeadersBuildPhase section */

/* Begin PBXNativeTarget section */
		994B286817463C9A003E487E /* Overcoat Mac */ = {
			isa = PBXNativeTarget;
			buildConfigurationList = 994B289517463C9A003E487E /* Build configuration list for PBXNativeTarget "Overcoat Mac" */;
			buildPhases = (
				994B286417463C9A003E487E /* Sources */,
				994B286517463C9A003E487E /* Frameworks */,
				994B286617463C9A003E487E /* Headers */,
				994B286717463C9A003E487E /* Resources */,
			);
			buildRules = (
			);
			dependencies = (
				99C8285C17DDDBB0002893C0 /* PBXTargetDependency */,
				994B28C71746503E003E487E /* PBXTargetDependency */,
			);
			name = "Overcoat Mac";
			productName = Overcoat;
			productReference = 994B286917463C9A003E487E /* Overcoat.framework */;
			productType = "com.apple.product-type.framework";
		};
		994B287E17463C9A003E487E /* Overcoat Mac Tests */ = {
			isa = PBXNativeTarget;
			buildConfigurationList = 994B289617463C9A003E487E /* Build configuration list for PBXNativeTarget "Overcoat Mac Tests" */;
			buildPhases = (
				994B287A17463C9A003E487E /* Sources */,
				994B287B17463C9A003E487E /* Frameworks */,
				994B287C17463C9A003E487E /* Resources */,
				994B28CF174653C3003E487E /* CopyFiles */,
			);
			buildRules = (
			);
			dependencies = (
				9913E7B517D9E5D800E8C813 /* PBXTargetDependency */,
				994B288317463C9A003E487E /* PBXTargetDependency */,
			);
			name = "Overcoat Mac Tests";
			productName = OvercoatTests;
			productReference = 994B287F17463C9A003E487E /* Overcoat Mac Tests.octest */;
			productType = "com.apple.product-type.bundle";
		};
		99663E0E173BAD1D0090F0E6 /* Overcoat iOS */ = {
			isa = PBXNativeTarget;
			buildConfigurationList = 99663E34173BAD1D0090F0E6 /* Build configuration list for PBXNativeTarget "Overcoat iOS" */;
			buildPhases = (
				99663E0B173BAD1D0090F0E6 /* Sources */,
				99663E0C173BAD1D0090F0E6 /* Frameworks */,
				99ED271217ABC9C500E5CF8B /* Headers */,
			);
			buildRules = (
			);
			dependencies = (
				99C8285717DDDB77002893C0 /* PBXTargetDependency */,
				99ED271B17ABCB4700E5CF8B /* PBXTargetDependency */,
			);
			name = "Overcoat iOS";
			productName = Overcoat;
			productReference = 99663E0F173BAD1D0090F0E6 /* libOvercoat.a */;
			productType = "com.apple.product-type.library.static";
		};
		99663E1F173BAD1D0090F0E6 /* Overcoat iOS Tests */ = {
			isa = PBXNativeTarget;
			buildConfigurationList = 99663E37173BAD1D0090F0E6 /* Build configuration list for PBXNativeTarget "Overcoat iOS Tests" */;
			buildPhases = (
				99663E1B173BAD1D0090F0E6 /* Sources */,
				99663E1C173BAD1D0090F0E6 /* Frameworks */,
				99663E1D173BAD1D0090F0E6 /* Resources */,
			);
			buildRules = (
			);
			dependencies = (
				9913E7B217D9E5C200E8C813 /* PBXTargetDependency */,
				993E4BD9173BECBD0036969E /* PBXTargetDependency */,
				99663E27173BAD1D0090F0E6 /* PBXTargetDependency */,
			);
			name = "Overcoat iOS Tests";
			productName = OvercoatTests;
			productReference = 99663E20173BAD1D0090F0E6 /* Overcoat iOS Tests.octest */;
			productType = "com.apple.product-type.bundle";
		};
/* End PBXNativeTarget section */

/* Begin PBXProject section */
		99663E07173BAD1D0090F0E6 /* Project object */ = {
			isa = PBXProject;
			attributes = {
				CLASSPREFIX = OVC;
				LastUpgradeCheck = 0500;
				ORGANIZATIONNAME = "Guillermo Gonzalez";
			};
			buildConfigurationList = 99663E0A173BAD1D0090F0E6 /* Build configuration list for PBXProject "Overcoat" */;
			compatibilityVersion = "Xcode 3.2";
			developmentRegion = English;
			hasScannedForEncodings = 0;
			knownRegions = (
				en,
			);
			mainGroup = 99663E06173BAD1D0090F0E6;
			productRefGroup = 99663E10173BAD1D0090F0E6 /* Products */;
			projectDirPath = "";
			projectReferences = (
				{
					ProductGroup = 993E4BC8173BECA10036969E /* Products */;
					ProjectRef = 993E4BC7173BECA10036969E /* Mantle.xcodeproj */;
				},
				{
					ProductGroup = 9913E7A417D9E5A100E8C813 /* Products */;
					ProjectRef = 9913E7A317D9E5A100E8C813 /* OHHTTPStubs.xcodeproj */;
				},
				{
					ProductGroup = 99C8284E17DDDB47002893C0 /* Products */;
					ProjectRef = 99C8284D17DDDB47002893C0 /* OvercoatDependencies.xcodeproj */;
				},
			);
			projectRoot = "";
			targets = (
				99663E0E173BAD1D0090F0E6 /* Overcoat iOS */,
				99663E1F173BAD1D0090F0E6 /* Overcoat iOS Tests */,
				994B286817463C9A003E487E /* Overcoat Mac */,
				994B287E17463C9A003E487E /* Overcoat Mac Tests */,
			);
		};
/* End PBXProject section */

/* Begin PBXReferenceProxy section */
		9913E7AC17D9E5A100E8C813 /* libOHHTTPStubs-iOS.a */ = {
			isa = PBXReferenceProxy;
			fileType = archive.ar;
			path = "libOHHTTPStubs-iOS.a";
			remoteRef = 9913E7AB17D9E5A100E8C813 /* PBXContainerItemProxy */;
			sourceTree = BUILT_PRODUCTS_DIR;
		};
		9913E7AE17D9E5A100E8C813 /* UnitTests.octest */ = {
			isa = PBXReferenceProxy;
			fileType = wrapper.cfbundle;
			path = UnitTests.octest;
			remoteRef = 9913E7AD17D9E5A100E8C813 /* PBXContainerItemProxy */;
			sourceTree = BUILT_PRODUCTS_DIR;
		};
		9913E7B017D9E5A100E8C813 /* OHHTTPStubs.framework */ = {
			isa = PBXReferenceProxy;
			fileType = wrapper.framework;
			path = OHHTTPStubs.framework;
			remoteRef = 9913E7AF17D9E5A100E8C813 /* PBXContainerItemProxy */;
			sourceTree = BUILT_PRODUCTS_DIR;
		};
		993E4BD1173BECA10036969E /* Mantle.framework */ = {
			isa = PBXReferenceProxy;
			fileType = wrapper.framework;
			path = Mantle.framework;
			remoteRef = 993E4BD0173BECA10036969E /* PBXContainerItemProxy */;
			sourceTree = BUILT_PRODUCTS_DIR;
		};
		993E4BD3173BECA10036969E /* Mantle Mac Tests.octest */ = {
			isa = PBXReferenceProxy;
			fileType = wrapper.cfbundle;
			path = "Mantle Mac Tests.octest";
			remoteRef = 993E4BD2173BECA10036969E /* PBXContainerItemProxy */;
			sourceTree = BUILT_PRODUCTS_DIR;
		};
		993E4BD5173BECA10036969E /* libMantle.a */ = {
			isa = PBXReferenceProxy;
			fileType = archive.ar;
			path = libMantle.a;
			remoteRef = 993E4BD4173BECA10036969E /* PBXContainerItemProxy */;
			sourceTree = BUILT_PRODUCTS_DIR;
		};
		993E4BD7173BECA10036969E /* Mantle iOS Tests.octest */ = {
			isa = PBXReferenceProxy;
			fileType = wrapper.cfbundle;
			path = "Mantle iOS Tests.octest";
			remoteRef = 993E4BD6173BECA10036969E /* PBXContainerItemProxy */;
			sourceTree = BUILT_PRODUCTS_DIR;
		};
		99C8285317DDDB47002893C0 /* libAFNetworking.a */ = {
			isa = PBXReferenceProxy;
			fileType = archive.ar;
			path = libAFNetworking.a;
			remoteRef = 99C8285217DDDB47002893C0 /* PBXContainerItemProxy */;
			sourceTree = BUILT_PRODUCTS_DIR;
		};
		99C8285517DDDB47002893C0 /* AFNetworking.framework */ = {
			isa = PBXReferenceProxy;
			fileType = wrapper.framework;
			path = AFNetworking.framework;
			remoteRef = 99C8285417DDDB47002893C0 /* PBXContainerItemProxy */;
			sourceTree = BUILT_PRODUCTS_DIR;
		};
/* End PBXReferenceProxy section */

/* Begin PBXResourcesBuildPhase section */
		994B286717463C9A003E487E /* Resources */ = {
			isa = PBXResourcesBuildPhase;
			buildActionMask = 2147483647;
			files = (
				994B287517463C9A003E487E /* InfoPlist.strings in Resources */,
			);
			runOnlyForDeploymentPostprocessing = 0;
		};
		994B287C17463C9A003E487E /* Resources */ = {
			isa = PBXResourcesBuildPhase;
			buildActionMask = 2147483647;
			files = (
				99FC436817D8CAE0007276B5 /* testResponse.json in Resources */,
			);
			runOnlyForDeploymentPostprocessing = 0;
		};
		99663E1D173BAD1D0090F0E6 /* Resources */ = {
			isa = PBXResourcesBuildPhase;
			buildActionMask = 2147483647;
			files = (
				99663E2E173BAD1D0090F0E6 /* InfoPlist.strings in Resources */,
				99FC436717D8CAE0007276B5 /* testResponse.json in Resources */,
			);
			runOnlyForDeploymentPostprocessing = 0;
		};
/* End PBXResourcesBuildPhase section */

/* Begin PBXSourcesBuildPhase section */
		994B286417463C9A003E487E /* Sources */ = {
			isa = PBXSourcesBuildPhase;
			buildActionMask = 2147483647;
			files = (
				9907B41F18045FCA00ACDA89 /* OVCSocialRequestSerializer.m in Sources */,
				994B289917463E16003E487E /* OVCClient.m in Sources */,
				994B289A17463E16003E487E /* OVCSocialClient.m in Sources */,
				994B289C17463E16003E487E /* NSDictionary+Overcoat.m in Sources */,
				9907B4161804312700ACDA89 /* OVCModelResponseSerializer.m in Sources */,
			);
			runOnlyForDeploymentPostprocessing = 0;
		};
		994B287A17463C9A003E487E /* Sources */ = {
			isa = PBXSourcesBuildPhase;
			buildActionMask = 2147483647;
			files = (
				994B28B1174643AC003E487E /* NSDictionaryTests.m in Sources */,
				994B28B5174643AC003E487E /* OVCClientTests.m in Sources */,
				9958C128180553A800A53B67 /* OVCTestCase.m in Sources */,
				994B28B6174643AC003E487E /* OVCSocialClientTests.m in Sources */,
				994B28B8174643AC003E487E /* TestModel.m in Sources */,
				9958C1231805460400A53B67 /* OVCModelResponseSerializerTests.m in Sources */,
			);
			runOnlyForDeploymentPostprocessing = 0;
		};
		99663E0B173BAD1D0090F0E6 /* Sources */ = {
			isa = PBXSourcesBuildPhase;
			buildActionMask = 2147483647;
			files = (
				993E4BB5173BEB0A0036969E /* OVCClient.m in Sources */,
				9907B41E18045FCA00ACDA89 /* OVCSocialRequestSerializer.m in Sources */,
				9954E22C17413FBD00717F72 /* NSDictionary+Overcoat.m in Sources */,
				9943A30B1744E4C200403CA3 /* OVCSocialClient.m in Sources */,
				9907B4151804312700ACDA89 /* OVCModelResponseSerializer.m in Sources */,
			);
			runOnlyForDeploymentPostprocessing = 0;
		};
		99663E1B173BAD1D0090F0E6 /* Sources */ = {
			isa = PBXSourcesBuildPhase;
			buildActionMask = 2147483647;
			files = (
				993E4BDD173BED190036969E /* OVCClientTests.m in Sources */,
				9954E2321741438E00717F72 /* NSDictionaryTests.m in Sources */,
				9958C127180553A800A53B67 /* OVCTestCase.m in Sources */,
				9954E23B1741487600717F72 /* TestModel.m in Sources */,
				9943A3151744EDBB00403CA3 /* OVCSocialClientTests.m in Sources */,
				9958C1221805460400A53B67 /* OVCModelResponseSerializerTests.m in Sources */,
			);
			runOnlyForDeploymentPostprocessing = 0;
		};
/* End PBXSourcesBuildPhase section */

/* Begin PBXTargetDependency section */
		9913E7B217D9E5C200E8C813 /* PBXTargetDependency */ = {
			isa = PBXTargetDependency;
			name = "OHHTTPStubs-iOS";
			targetProxy = 9913E7B117D9E5C200E8C813 /* PBXContainerItemProxy */;
		};
		9913E7B517D9E5D800E8C813 /* PBXTargetDependency */ = {
			isa = PBXTargetDependency;
			name = OHHTTPStubs;
			targetProxy = 9913E7B417D9E5D800E8C813 /* PBXContainerItemProxy */;
		};
		993E4BD9173BECBD0036969E /* PBXTargetDependency */ = {
			isa = PBXTargetDependency;
			name = "Mantle iOS";
			targetProxy = 993E4BD8173BECBD0036969E /* PBXContainerItemProxy */;
		};
		994B288317463C9A003E487E /* PBXTargetDependency */ = {
			isa = PBXTargetDependency;
			target = 994B286817463C9A003E487E /* Overcoat Mac */;
			targetProxy = 994B288217463C9A003E487E /* PBXContainerItemProxy */;
		};
		994B28C71746503E003E487E /* PBXTargetDependency */ = {
			isa = PBXTargetDependency;
			name = "Mantle Mac";
			targetProxy = 994B28C61746503E003E487E /* PBXContainerItemProxy */;
		};
		99663E27173BAD1D0090F0E6 /* PBXTargetDependency */ = {
			isa = PBXTargetDependency;
			target = 99663E0E173BAD1D0090F0E6 /* Overcoat iOS */;
			targetProxy = 99663E26173BAD1D0090F0E6 /* PBXContainerItemProxy */;
		};
		99C8285717DDDB77002893C0 /* PBXTargetDependency */ = {
			isa = PBXTargetDependency;
			name = "AFNetworking iOS";
			targetProxy = 99C8285617DDDB77002893C0 /* PBXContainerItemProxy */;
		};
		99C8285C17DDDBB0002893C0 /* PBXTargetDependency */ = {
			isa = PBXTargetDependency;
			name = "AFNetworking Mac";
			targetProxy = 99C8285B17DDDBB0002893C0 /* PBXContainerItemProxy */;
		};
		99ED271B17ABCB4700E5CF8B /* PBXTargetDependency */ = {
			isa = PBXTargetDependency;
			name = "Mantle iOS";
			targetProxy = 99ED271A17ABCB4700E5CF8B /* PBXContainerItemProxy */;
		};
/* End PBXTargetDependency section */

/* Begin PBXVariantGroup section */
		994B287317463C9A003E487E /* InfoPlist.strings */ = {
			isa = PBXVariantGroup;
			children = (
				994B287417463C9A003E487E /* en */,
			);
			name = InfoPlist.strings;
			sourceTree = "<group>";
		};
		99663E2C173BAD1D0090F0E6 /* InfoPlist.strings */ = {
			isa = PBXVariantGroup;
			children = (
				99663E2D173BAD1D0090F0E6 /* en */,
			);
			name = InfoPlist.strings;
			sourceTree = "<group>";
		};
/* End PBXVariantGroup section */

/* Begin XCBuildConfiguration section */
		994B288E17463C9A003E487E /* Debug */ = {
			isa = XCBuildConfiguration;
			baseConfigurationReference = 99ED270417ABC2E900E5CF8B /* Mac-Framework.xcconfig */;
			buildSettings = {
				COMBINE_HIDPI_IMAGES = YES;
				DYLIB_COMPATIBILITY_VERSION = 1;
				DYLIB_CURRENT_VERSION = 1;
				FRAMEWORK_SEARCH_PATHS = (
					"$(inherited)",
					"\"$(SYSTEM_APPS_DIR)/Xcode.app/Contents/Developer/Library/Frameworks\"",
				);
				FRAMEWORK_VERSION = A;
				GCC_ENABLE_OBJC_EXCEPTIONS = YES;
				GCC_PRECOMPILE_PREFIX_HEADER = YES;
				GCC_PREFIX_HEADER = "Overcoat/Overcoat-Prefix.pch";
				GCC_WARN_64_TO_32_BIT_CONVERSION = YES;
				INFOPLIST_FILE = "Overcoat/Overcoat-Info.plist";
				MACOSX_DEPLOYMENT_TARGET = 10.8;
				PRODUCT_NAME = Overcoat;
				SDKROOT = macosx;
				WRAPPER_EXTENSION = framework;
			};
			name = Debug;
		};
		994B288F17463C9A003E487E /* Release */ = {
			isa = XCBuildConfiguration;
			baseConfigurationReference = 99ED270417ABC2E900E5CF8B /* Mac-Framework.xcconfig */;
			buildSettings = {
				COMBINE_HIDPI_IMAGES = YES;
				DEBUG_INFORMATION_FORMAT = "dwarf-with-dsym";
				DYLIB_COMPATIBILITY_VERSION = 1;
				DYLIB_CURRENT_VERSION = 1;
				FRAMEWORK_SEARCH_PATHS = (
					"$(inherited)",
					"\"$(SYSTEM_APPS_DIR)/Xcode.app/Contents/Developer/Library/Frameworks\"",
				);
				FRAMEWORK_VERSION = A;
				GCC_ENABLE_OBJC_EXCEPTIONS = YES;
				GCC_PRECOMPILE_PREFIX_HEADER = YES;
				GCC_PREFIX_HEADER = "Overcoat/Overcoat-Prefix.pch";
				GCC_WARN_64_TO_32_BIT_CONVERSION = YES;
				INFOPLIST_FILE = "Overcoat/Overcoat-Info.plist";
				MACOSX_DEPLOYMENT_TARGET = 10.8;
				PRODUCT_NAME = Overcoat;
				SDKROOT = macosx;
				WRAPPER_EXTENSION = framework;
			};
			name = Release;
		};
		994B289017463C9A003E487E /* Debug */ = {
			isa = XCBuildConfiguration;
			baseConfigurationReference = 99ED270117ABC2E900E5CF8B /* Mac-Application.xcconfig */;
			buildSettings = {
				COMBINE_HIDPI_IMAGES = YES;
				FRAMEWORK_SEARCH_PATHS = (
					"\"$(DEVELOPER_LIBRARY_DIR)/Frameworks\"",
					"\"$(SRCROOT)/OvercoatTests/OCMock/OSX\"",
				);
				GCC_ENABLE_OBJC_EXCEPTIONS = YES;
				GCC_PRECOMPILE_PREFIX_HEADER = YES;
				GCC_PREFIX_HEADER = "OvercoatTests/Overcoat-Prefix.pch";
				GCC_WARN_64_TO_32_BIT_CONVERSION = YES;
				INFOPLIST_FILE = "OvercoatTests/OvercoatTests-Info.plist";
				MACOSX_DEPLOYMENT_TARGET = 10.8;
				PRODUCT_NAME = "$(TARGET_NAME)";
				SDKROOT = macosx;
				WRAPPER_EXTENSION = octest;
			};
			name = Debug;
		};
		994B289117463C9A003E487E /* Release */ = {
			isa = XCBuildConfiguration;
			baseConfigurationReference = 99ED270117ABC2E900E5CF8B /* Mac-Application.xcconfig */;
			buildSettings = {
				COMBINE_HIDPI_IMAGES = YES;
				DEBUG_INFORMATION_FORMAT = "dwarf-with-dsym";
				FRAMEWORK_SEARCH_PATHS = (
					"\"$(DEVELOPER_LIBRARY_DIR)/Frameworks\"",
					"\"$(SRCROOT)/OvercoatTests/OCMock/OSX\"",
				);
				GCC_ENABLE_OBJC_EXCEPTIONS = YES;
				GCC_PRECOMPILE_PREFIX_HEADER = YES;
				GCC_PREFIX_HEADER = "OvercoatTests/Overcoat-Prefix.pch";
				GCC_WARN_64_TO_32_BIT_CONVERSION = YES;
				INFOPLIST_FILE = "OvercoatTests/OvercoatTests-Info.plist";
				MACOSX_DEPLOYMENT_TARGET = 10.8;
				PRODUCT_NAME = "$(TARGET_NAME)";
				SDKROOT = macosx;
				WRAPPER_EXTENSION = octest;
			};
			name = Release;
		};
		99663E32173BAD1D0090F0E6 /* Debug */ = {
			isa = XCBuildConfiguration;
			baseConfigurationReference = 99ED26F517ABC2E900E5CF8B /* Debug.xcconfig */;
			buildSettings = {
				ALWAYS_SEARCH_USER_PATHS = NO;
				CLANG_CXX_LANGUAGE_STANDARD = "gnu++0x";
				CLANG_CXX_LIBRARY = "libc++";
				CLANG_ENABLE_OBJC_ARC = YES;
				CLANG_WARN_CONSTANT_CONVERSION = YES;
				CLANG_WARN_EMPTY_BODY = YES;
				CLANG_WARN_ENUM_CONVERSION = YES;
				CLANG_WARN_INT_CONVERSION = YES;
				CLANG_WARN__DUPLICATE_METHOD_MATCH = YES;
				COPY_PHASE_STRIP = NO;
				GCC_C_LANGUAGE_STANDARD = gnu99;
				GCC_DYNAMIC_NO_PIC = NO;
				GCC_OPTIMIZATION_LEVEL = 0;
				GCC_PREPROCESSOR_DEFINITIONS = (
					"DEBUG=1",
					"$(inherited)",
				);
				GCC_SYMBOLS_PRIVATE_EXTERN = NO;
				GCC_WARN_ABOUT_RETURN_TYPE = YES;
				GCC_WARN_UNINITIALIZED_AUTOS = YES;
				GCC_WARN_UNUSED_VARIABLE = YES;
				ONLY_ACTIVE_ARCH = YES;
				SDKROOT = iphoneos;
			};
			name = Debug;
		};
		99663E33173BAD1D0090F0E6 /* Release */ = {
			isa = XCBuildConfiguration;
			baseConfigurationReference = 99ED26F717ABC2E900E5CF8B /* Release.xcconfig */;
			buildSettings = {
				ALWAYS_SEARCH_USER_PATHS = NO;
				CLANG_CXX_LANGUAGE_STANDARD = "gnu++0x";
				CLANG_CXX_LIBRARY = "libc++";
				CLANG_ENABLE_OBJC_ARC = YES;
				CLANG_WARN_CONSTANT_CONVERSION = YES;
				CLANG_WARN_EMPTY_BODY = YES;
				CLANG_WARN_ENUM_CONVERSION = YES;
				CLANG_WARN_INT_CONVERSION = YES;
				CLANG_WARN__DUPLICATE_METHOD_MATCH = YES;
				COPY_PHASE_STRIP = YES;
				GCC_C_LANGUAGE_STANDARD = gnu99;
				GCC_WARN_ABOUT_RETURN_TYPE = YES;
				GCC_WARN_UNINITIALIZED_AUTOS = YES;
				GCC_WARN_UNUSED_VARIABLE = YES;
				SDKROOT = iphoneos;
				VALIDATE_PRODUCT = YES;
			};
			name = Release;
		};
		99663E35173BAD1D0090F0E6 /* Debug */ = {
			isa = XCBuildConfiguration;
			baseConfigurationReference = 99ED26FF17ABC2E900E5CF8B /* iOS-StaticLibrary.xcconfig */;
			buildSettings = {
				DSTROOT = /tmp/$PRODUCT_NAME.dst;
				GCC_PRECOMPILE_PREFIX_HEADER = YES;
				GCC_PREFIX_HEADER = "Overcoat/Overcoat-Prefix.pch";
				IPHONEOS_DEPLOYMENT_TARGET = 6.0;
				OTHER_LDFLAGS = "-ObjC";
				PRODUCT_NAME = Overcoat;
				SKIP_INSTALL = YES;
			};
			name = Debug;
		};
		99663E36173BAD1D0090F0E6 /* Release */ = {
			isa = XCBuildConfiguration;
			baseConfigurationReference = 99ED26FF17ABC2E900E5CF8B /* iOS-StaticLibrary.xcconfig */;
			buildSettings = {
				DSTROOT = /tmp/$PRODUCT_NAME.dst;
				GCC_PRECOMPILE_PREFIX_HEADER = YES;
				GCC_PREFIX_HEADER = "Overcoat/Overcoat-Prefix.pch";
				IPHONEOS_DEPLOYMENT_TARGET = 6.0;
				OTHER_LDFLAGS = "-ObjC";
				PRODUCT_NAME = Overcoat;
				SKIP_INSTALL = YES;
			};
			name = Release;
		};
		99663E38173BAD1D0090F0E6 /* Debug */ = {
			isa = XCBuildConfiguration;
			baseConfigurationReference = 99ED26FD17ABC2E900E5CF8B /* iOS-Application.xcconfig */;
			buildSettings = {
				FRAMEWORK_SEARCH_PATHS = (
					"\"$(SDKROOT)/Developer/Library/Frameworks\"",
					"\"$(DEVELOPER_LIBRARY_DIR)/Frameworks\"",
				);
				GCC_GENERATE_TEST_COVERAGE_FILES = YES;
				GCC_INSTRUMENT_PROGRAM_FLOW_ARCS = YES;
				GCC_PRECOMPILE_PREFIX_HEADER = YES;
				GCC_PREFIX_HEADER = "OvercoatTests/Overcoat-Prefix.pch";
				HEADER_SEARCH_PATHS = "${SRCROOT}/OvercoatTests/OCMock/iOS";
				INFOPLIST_FILE = "OvercoatTests/OvercoatTests-Info.plist";
				IPHONEOS_DEPLOYMENT_TARGET = 6.0;
				LIBRARY_SEARCH_PATHS = (
					"$(inherited)",
					"\"$(SRCROOT)/OvercoatTests/OCMock/iOS\"",
				);
				OTHER_LDFLAGS = "-ObjC";
				PRODUCT_NAME = "$(TARGET_NAME)";
				VALID_ARCHS = "armv6 armv7 armv7s i386 x86_64";
				WRAPPER_EXTENSION = octest;
			};
			name = Debug;
		};
		99663E39173BAD1D0090F0E6 /* Release */ = {
			isa = XCBuildConfiguration;
			baseConfigurationReference = 99ED26FD17ABC2E900E5CF8B /* iOS-Application.xcconfig */;
			buildSettings = {
				FRAMEWORK_SEARCH_PATHS = (
					"\"$(SDKROOT)/Developer/Library/Frameworks\"",
					"\"$(DEVELOPER_LIBRARY_DIR)/Frameworks\"",
				);
				GCC_GENERATE_TEST_COVERAGE_FILES = YES;
				GCC_INSTRUMENT_PROGRAM_FLOW_ARCS = YES;
				GCC_PRECOMPILE_PREFIX_HEADER = YES;
				GCC_PREFIX_HEADER = "OvercoatTests/Overcoat-Prefix.pch";
				HEADER_SEARCH_PATHS = "${SRCROOT}/OvercoatTests/OCMock/iOS";
				INFOPLIST_FILE = "OvercoatTests/OvercoatTests-Info.plist";
				IPHONEOS_DEPLOYMENT_TARGET = 6.0;
				LIBRARY_SEARCH_PATHS = (
					"$(inherited)",
					"\"$(SRCROOT)/OvercoatTests/OCMock/iOS\"",
				);
				OTHER_LDFLAGS = "-ObjC";
				PRODUCT_NAME = "$(TARGET_NAME)";
				VALID_ARCHS = "armv6 armv7 armv7s i386 x86_64";
				WRAPPER_EXTENSION = octest;
			};
			name = Release;
		};
/* End XCBuildConfiguration section */

/* Begin XCConfigurationList section */
		994B289517463C9A003E487E /* Build configuration list for PBXNativeTarget "Overcoat Mac" */ = {
			isa = XCConfigurationList;
			buildConfigurations = (
				994B288E17463C9A003E487E /* Debug */,
				994B288F17463C9A003E487E /* Release */,
			);
			defaultConfigurationIsVisible = 0;
			defaultConfigurationName = Release;
		};
		994B289617463C9A003E487E /* Build configuration list for PBXNativeTarget "Overcoat Mac Tests" */ = {
			isa = XCConfigurationList;
			buildConfigurations = (
				994B289017463C9A003E487E /* Debug */,
				994B289117463C9A003E487E /* Release */,
			);
			defaultConfigurationIsVisible = 0;
			defaultConfigurationName = Release;
		};
		99663E0A173BAD1D0090F0E6 /* Build configuration list for PBXProject "Overcoat" */ = {
			isa = XCConfigurationList;
			buildConfigurations = (
				99663E32173BAD1D0090F0E6 /* Debug */,
				99663E33173BAD1D0090F0E6 /* Release */,
			);
			defaultConfigurationIsVisible = 0;
			defaultConfigurationName = Release;
		};
		99663E34173BAD1D0090F0E6 /* Build configuration list for PBXNativeTarget "Overcoat iOS" */ = {
			isa = XCConfigurationList;
			buildConfigurations = (
				99663E35173BAD1D0090F0E6 /* Debug */,
				99663E36173BAD1D0090F0E6 /* Release */,
			);
			defaultConfigurationIsVisible = 0;
			defaultConfigurationName = Release;
		};
		99663E37173BAD1D0090F0E6 /* Build configuration list for PBXNativeTarget "Overcoat iOS Tests" */ = {
			isa = XCConfigurationList;
			buildConfigurations = (
				99663E38173BAD1D0090F0E6 /* Debug */,
				99663E39173BAD1D0090F0E6 /* Release */,
			);
			defaultConfigurationIsVisible = 0;
			defaultConfigurationName = Release;
		};
/* End XCConfigurationList section */
	};
	rootObject = 99663E07173BAD1D0090F0E6 /* Project object */;
}
