PODS:
  - AFNetworking (2.6.0):
    - AFNetworking/NSURLConnection (= 2.6.0)
    - AFNetworking/NSURLSession (= 2.6.0)
    - AFNetworking/Reachability (= 2.6.0)
    - AFNetworking/Security (= 2.6.0)
    - AFNetworking/Serialization (= 2.6.0)
    - AFNetworking/UIKit (= 2.6.0)
  - AFNetworking/NSURLConnection (2.6.0):
    - AFNetworking/Reachability
    - AFNetworking/Security
    - AFNetworking/Serialization
  - AFNetworking/NSURLSession (2.6.0):
    - AFNetworking/Reachability
    - AFNetworking/Security
    - AFNetworking/Serialization
  - AFNetworking/Reachability (2.6.0)
  - AFNetworking/Security (2.6.0)
  - AFNetworking/Serialization (2.6.0)
  - AFNetworking/UIKit (2.6.0):
    - AFNetworking/NSURLConnection
    - AFNetworking/NSURLSession
  - libextobjc (0.4.1):
    - libextobjc/EXTADT (= 0.4.1)
    - libextobjc/EXTConcreteProtocol (= 0.4.1)
    - libextobjc/EXTKeyPathCoding (= 0.4.1)
    - libextobjc/EXTNil (= 0.4.1)
    - libextobjc/EXTSafeCategory (= 0.4.1)
    - libextobjc/EXTScope (= 0.4.1)
    - libextobjc/EXTSelectorChecking (= 0.4.1)
    - libextobjc/EXTSynthesize (= 0.4.1)
    - libextobjc/NSInvocation+EXT (= 0.4.1)
    - libextobjc/NSMethodSignature+EXT (= 0.4.1)
    - libextobjc/RuntimeExtensions (= 0.4.1)
    - libextobjc/UmbrellaHeader (= 0.4.1)
  - libextobjc/EXTADT (0.4.1):
    - libextobjc/RuntimeExtensions
  - libextobjc/EXTConcreteProtocol (0.4.1):
    - libextobjc/RuntimeExtensions
  - libextobjc/EXTKeyPathCoding (0.4.1):
    - libextobjc/RuntimeExtensions
  - libextobjc/EXTNil (0.4.1):
    - libextobjc/RuntimeExtensions
  - libextobjc/EXTSafeCategory (0.4.1):
    - libextobjc/RuntimeExtensions
  - libextobjc/EXTScope (0.4.1):
    - libextobjc/RuntimeExtensions
  - libextobjc/EXTSelectorChecking (0.4.1):
    - libextobjc/RuntimeExtensions
  - libextobjc/EXTSynthesize (0.4.1):
    - libextobjc/RuntimeExtensions
  - libextobjc/NSInvocation+EXT (0.4.1):
    - libextobjc/RuntimeExtensions
  - libextobjc/NSMethodSignature+EXT (0.4.1):
    - libextobjc/RuntimeExtensions
  - libextobjc/RuntimeExtensions (0.4.1)
  - libextobjc/UmbrellaHeader (0.4.1)
  - Mantle (2.0.2):
    - Mantle/extobjc (= 2.0.2)
  - Mantle/extobjc (2.0.2)
  - MTLManagedObjectAdapter (1.0):
    - Mantle (~> 2.0)
    - MTLManagedObjectAdapter/extobjc (= 1.0)
  - MTLManagedObjectAdapter/extobjc (1.0):
    - Mantle (~> 2.0)
  - Overcoat/Core (3.1.0):
    - AFNetworking (~> 2.5)
    - Mantle (<= 3.0)
  - Overcoat/CoreData (3.1.0):
    - Overcoat/CoreData/Mantle2 (= 3.1.0)
  - Overcoat/CoreData/Mantle2 (3.1.0):
    - Mantle (~> 2)
    - MTLManagedObjectAdapter
    - MTLManagedObjectAdapter/extobjc
    - Overcoat/Core
  - Overcoat/PromiseKit (3.1.0):
    - Overcoat/Core
    - PromiseKit/Promise (~> 1.2)
  - Overcoat/Social (3.1.0):
    - Overcoat/Core
  - PromiseKit/ACAccountStore (1.6.0):
    - PromiseKit/Promise
  - PromiseKit/Accounts (1.6.0):
    - PromiseKit/ACAccountStore
  - PromiseKit/Promise (1.6.0)
  - TGRDataSource (0.2)

DEPENDENCIES:
  - AFNetworking
  - libextobjc
  - Mantle (= 2.0.2)
  - MTLManagedObjectAdapter
  - Overcoat/CoreData (from `../../Overcoat.podspec`)
  - Overcoat/PromiseKit (from `../../Overcoat.podspec`)
  - Overcoat/Social (from `../../Overcoat.podspec`)
  - PromiseKit/Accounts
  - TGRDataSource

EXTERNAL SOURCES:
  Overcoat:
    :path: "../../Overcoat.podspec"

SPEC CHECKSUMS:
  AFNetworking: 79f7eb1a0fcfa7beb409332b2ca49afe9ce53b05
  libextobjc: a650fc1bf489a3d3a9bc2e621efa3e1006fc5471
  Mantle: 967fd31ea0220890b2e76589198996b534bb3fb1
  MTLManagedObjectAdapter: cd1bf9562f205407d584ab7a577bd112ec140095
  Overcoat: d6bd37d725c83da933dc8e2fcd5e671c0f46237e
  PromiseKit: 6be651503d4af22830b5313be993c5a0ef77bf77
  TGRDataSource: 9ab4ed589fae145f94b234a0ca1094aba35af473

COCOAPODS: 0.38.2
