PODS:
  - AFNetworking (2.5.4):
    - AFNetworking/NSURLConnection (= 2.5.4)
    - AFNetworking/NSURLSession (= 2.5.4)
    - AFNetworking/Reachability (= 2.5.4)
    - AFNetworking/Security (= 2.5.4)
    - AFNetworking/Serialization (= 2.5.4)
    - AFNetworking/UIKit (= 2.5.4)
  - AFNetworking/NSURLConnection (2.5.4):
    - AFNetworking/Reachability
    - AFNetworking/Security
    - AFNetworking/Serialization
  - AFNetworking/NSURLSession (2.5.4):
    - AFNetworking/Reachability
    - AFNetworking/Security
    - AFNetworking/Serialization
  - AFNetworking/Reachability (2.5.4)
  - AFNetworking/Security (2.5.4)
  - AFNetworking/Serialization (2.5.4)
  - AFNetworking/UIKit (2.5.4):
    - AFNetworking/NSURLConnection
    - AFNetworking/NSURLSession
  - libextobjc (0.4.1):
    - libextobjc/EXTADT (= 0.4.1)
    - libextobjc/EXTConcreteProtocol (= 0.4.1)
    - libextobjc/EXTKeyPathCoding (= 0.4.1)
    - libextobjc/EXTNil (= 0.4.1)
    - libextobjc/EXTSafeCategory (= 0.4.1)
    - libextobjc/EXTScope (= 0.4.1)
    - libextobjc/EXTSelectorChecking (= 0.4.1)
    - libextobjc/EXTSynthesize (= 0.4.1)
    - libextobjc/NSInvocation+EXT (= 0.4.1)
    - libextobjc/NSMethodSignature+EXT (= 0.4.1)
    - libextobjc/RuntimeExtensions (= 0.4.1)
    - libextobjc/UmbrellaHeader (= 0.4.1)
  - libextobjc/EXTADT (0.4.1):
    - libextobjc/RuntimeExtensions
  - libextobjc/EXTConcreteProtocol (0.4.1):
    - libextobjc/RuntimeExtensions
  - libextobjc/EXTKeyPathCoding (0.4.1):
    - libextobjc/RuntimeExtensions
  - libextobjc/EXTNil (0.4.1):
    - libextobjc/RuntimeExtensions
  - libextobjc/EXTSafeCategory (0.4.1):
    - libextobjc/RuntimeExtensions
  - libextobjc/EXTScope (0.4.1):
    - libextobjc/RuntimeExtensions
  - libextobjc/EXTSelectorChecking (0.4.1):
    - libextobjc/RuntimeExtensions
  - libextobjc/EXTSynthesize (0.4.1):
    - libextobjc/RuntimeExtensions
  - libextobjc/NSInvocation+EXT (0.4.1):
    - libextobjc/RuntimeExtensions
  - libextobjc/NSMethodSignature+EXT (0.4.1):
    - libextobjc/RuntimeExtensions
  - libextobjc/RuntimeExtensions (0.4.1)
  - libextobjc/UmbrellaHeader (0.4.1)
  - Mantle (2.0.2):
    - Mantle/extobjc (= 2.0.2)
  - Mantle/extobjc (2.0.2)
  - MTLManagedObjectAdapter (1.0):
    - Mantle (~> 2.0)
    - MTLManagedObjectAdapter/extobjc (= 1.0)
  - MTLManagedObjectAdapter/extobjc (1.0):
    - Mantle (~> 2.0)
  - OMGHTTPURLRQ (2.1.3):
    - OMGHTTPURLRQ/RQ (= 2.1.3)
  - OMGHTTPURLRQ/FormURLEncode (2.1.3)
  - OMGHTTPURLRQ/RQ (2.1.3):
    - OMGHTTPURLRQ/FormURLEncode
    - OMGHTTPURLRQ/UserAgent
  - OMGHTTPURLRQ/UserAgent (2.1.3)
  - Overcoat/Core (2.2):
    - AFNetworking (~> 2.5)
    - Mantle (<= 3.0)
  - Overcoat/CoreData (2.2):
    - Overcoat/NSURLSession
  - Overcoat/NSURLSession (2.2):
    - Overcoat/Core
  - Overcoat/PromiseKit (2.2):
    - Overcoat/Core
    - Overcoat/NSURLSession
    - PromiseKit (~> 1.2)
  - Overcoat/Social (2.2):
    - Overcoat/Core
  - PromiseKit (1.6.0):
    - PromiseKit/CALayer (= 1.6.0)
    - PromiseKit/NSNotificationCenter (= 1.6.0)
    - PromiseKit/NSURLConnection (= 1.6.0)
    - PromiseKit/Pause (= 1.6.0)
    - PromiseKit/UIActionSheet (= 1.6.0)
    - PromiseKit/UIAlertView (= 1.6.0)
    - PromiseKit/UIView (= 1.6.0)
    - PromiseKit/UIViewController (= 1.6.0)
    - PromiseKit/Until (= 1.6.0)
    - PromiseKit/When (= 1.6.0)
  - PromiseKit/ACAccountStore (1.6.0):
    - PromiseKit/Promise
  - PromiseKit/Accounts (1.6.0):
    - PromiseKit/ACAccountStore
  - PromiseKit/CALayer (1.6.0):
    - PromiseKit/Promise
  - PromiseKit/NSNotificationCenter (1.6.0):
    - PromiseKit/Promise
  - PromiseKit/NSURLConnection (1.6.0):
    - OMGHTTPURLRQ (~> 2.1)
    - PromiseKit/Promise
  - PromiseKit/Pause (1.6.0):
    - PromiseKit/Promise
  - PromiseKit/Promise (1.6.0)
  - PromiseKit/UIActionSheet (1.6.0):
    - PromiseKit/Promise
  - PromiseKit/UIAlertView (1.6.0):
    - PromiseKit/Promise
  - PromiseKit/UIView (1.6.0):
    - PromiseKit/Promise
  - PromiseKit/UIViewController (1.6.0):
    - PromiseKit/Promise
  - PromiseKit/Until (1.6.0):
    - PromiseKit/Promise
    - PromiseKit/When
  - PromiseKit/When (1.6.0):
    - PromiseKit/Promise
  - TGRDataSource (0.2)

DEPENDENCIES:
  - libextobjc
  - Mantle (~> 2.0)
  - MTLManagedObjectAdapter
  - Overcoat/CoreData (from `../../Overcoat.podspec`)
  - Overcoat/PromiseKit (from `../../Overcoat.podspec`)
  - Overcoat/Social (from `../../Overcoat.podspec`)
  - PromiseKit/Accounts
  - TGRDataSource

EXTERNAL SOURCES:
  Overcoat:
    :path: "../../Overcoat.podspec"

SPEC CHECKSUMS:
  AFNetworking: 05edc0ac4c4c8cf57bcf4b84be5b0744b6d8e71e
  libextobjc: a650fc1bf489a3d3a9bc2e621efa3e1006fc5471
  Mantle: 967fd31ea0220890b2e76589198996b534bb3fb1
  MTLManagedObjectAdapter: cd1bf9562f205407d584ab7a577bd112ec140095
  OMGHTTPURLRQ: c4268dea4295b585d711055dbcd87bfa82badd5f
  Overcoat: 295c50698907cfb4ef8844ddf8d6ffb422a658e3
  PromiseKit: 6be651503d4af22830b5313be993c5a0ef77bf77
  TGRDataSource: 9ab4ed589fae145f94b234a0ca1094aba35af473

COCOAPODS: 0.37.2
